// !$*UTF8*$!
{
	archiveVersion = 1;
	classes = {
	};
	objectVersion = 52;
	objects = {

/* Begin PBXBuildFile section */
		121A46ACF3DD25E768A5F4B8 /* iOSMockingbirdExample_SPMTests-iOSMockingbirdExample_SPMMocks.generated.swift in Sources */ = {isa = PBXBuildFile; fileRef = C555F5D109832B257CBCBC62 /* iOSMockingbirdExample_SPMTests-iOSMockingbirdExample_SPMMocks.generated.swift */; };
		D372A5A62456C4F30000E80A /* TreeTests.swift in Sources */ = {isa = PBXBuildFile; fileRef = D372A5A52456C4F30000E80A /* TreeTests.swift */; };
		D372A5A92456C50D0000E80A /* Tree.swift in Sources */ = {isa = PBXBuildFile; fileRef = D372A5A72456C50C0000E80A /* Tree.swift */; };
		D372A5AA2456C50D0000E80A /* Bird.swift in Sources */ = {isa = PBXBuildFile; fileRef = D372A5A82456C50C0000E80A /* Bird.swift */; };
		D37F3C9D24E5D4F2008EE2B3 /* Mockingbird in Frameworks */ = {isa = PBXBuildFile; productRef = D37F3C9C24E5D4F2008EE2B3 /* Mockingbird */; };
		D388BD552447CF0300EBAB2E /* AppDelegate.swift in Sources */ = {isa = PBXBuildFile; fileRef = D388BD542447CF0300EBAB2E /* AppDelegate.swift */; };
		D388BD572447CF0300EBAB2E /* SceneDelegate.swift in Sources */ = {isa = PBXBuildFile; fileRef = D388BD562447CF0300EBAB2E /* SceneDelegate.swift */; };
		D388BD592447CF0300EBAB2E /* ViewController.swift in Sources */ = {isa = PBXBuildFile; fileRef = D388BD582447CF0300EBAB2E /* ViewController.swift */; };
		D388BD5C2447CF0300EBAB2E /* Main.storyboard in Resources */ = {isa = PBXBuildFile; fileRef = D388BD5A2447CF0300EBAB2E /* Main.storyboard */; };
		D388BD5E2447CF0500EBAB2E /* Assets.xcassets in Resources */ = {isa = PBXBuildFile; fileRef = D388BD5D2447CF0500EBAB2E /* Assets.xcassets */; };
		D388BD612447CF0500EBAB2E /* LaunchScreen.storyboard in Resources */ = {isa = PBXBuildFile; fileRef = D388BD5F2447CF0500EBAB2E /* LaunchScreen.storyboard */; };
/* End PBXBuildFile section */

/* Begin PBXContainerItemProxy section */
		D388BD682447CF0500EBAB2E /* PBXContainerItemProxy */ = {
			isa = PBXContainerItemProxy;
			containerPortal = D388BD492447CF0300EBAB2E /* Project object */;
			proxyType = 1;
			remoteGlobalIDString = D388BD502447CF0300EBAB2E;
			remoteInfo = "iOSMockingbirdExample-SPM";
		};
/* End PBXContainerItemProxy section */

/* Begin PBXFileReference section */
		C555F5D109832B257CBCBC62 /* iOSMockingbirdExample_SPMTests-iOSMockingbirdExample_SPMMocks.generated.swift */ = {isa = PBXFileReference; explicitFileType = sourcecode.swift; name = "iOSMockingbirdExample_SPMTests-iOSMockingbirdExample_SPMMocks.generated.swift"; path = "MockingbirdMocks/iOSMockingbirdExample_SPMTests-iOSMockingbirdExample_SPMMocks.generated.swift"; sourceTree = "<group>"; };
		D372A5A12456BF930000E80A /* README.md */ = {isa = PBXFileReference; lastKnownFileType = net.daringfireball.markdown; path = README.md; sourceTree = "<group>"; };
		D372A5A52456C4F30000E80A /* TreeTests.swift */ = {isa = PBXFileReference; fileEncoding = 4; lastKnownFileType = sourcecode.swift; path = TreeTests.swift; sourceTree = "<group>"; };
		D372A5A72456C50C0000E80A /* Tree.swift */ = {isa = PBXFileReference; fileEncoding = 4; lastKnownFileType = sourcecode.swift; path = Tree.swift; sourceTree = "<group>"; };
		D372A5A82456C50C0000E80A /* Bird.swift */ = {isa = PBXFileReference; fileEncoding = 4; lastKnownFileType = sourcecode.swift; path = Bird.swift; sourceTree = "<group>"; };
		D388BD512447CF0300EBAB2E /* iOSMockingbirdExample-SPM.app */ = {isa = PBXFileReference; explicitFileType = wrapper.application; includeInIndex = 0; path = "iOSMockingbirdExample-SPM.app"; sourceTree = BUILT_PRODUCTS_DIR; };
		D388BD542447CF0300EBAB2E /* AppDelegate.swift */ = {isa = PBXFileReference; lastKnownFileType = sourcecode.swift; path = AppDelegate.swift; sourceTree = "<group>"; };
		D388BD562447CF0300EBAB2E /* SceneDelegate.swift */ = {isa = PBXFileReference; lastKnownFileType = sourcecode.swift; path = SceneDelegate.swift; sourceTree = "<group>"; };
		D388BD582447CF0300EBAB2E /* ViewController.swift */ = {isa = PBXFileReference; lastKnownFileType = sourcecode.swift; path = ViewController.swift; sourceTree = "<group>"; };
		D388BD5B2447CF0300EBAB2E /* Base */ = {isa = PBXFileReference; lastKnownFileType = file.storyboard; name = Base; path = Base.lproj/Main.storyboard; sourceTree = "<group>"; };
		D388BD5D2447CF0500EBAB2E /* Assets.xcassets */ = {isa = PBXFileReference; lastKnownFileType = folder.assetcatalog; path = Assets.xcassets; sourceTree = "<group>"; };
		D388BD602447CF0500EBAB2E /* Base */ = {isa = PBXFileReference; lastKnownFileType = file.storyboard; name = Base; path = Base.lproj/LaunchScreen.storyboard; sourceTree = "<group>"; };
		D388BD622447CF0500EBAB2E /* Info.plist */ = {isa = PBXFileReference; lastKnownFileType = text.plist.xml; path = Info.plist; sourceTree = "<group>"; };
		D388BD672447CF0500EBAB2E /* iOSMockingbirdExample-SPMTests.xctest */ = {isa = PBXFileReference; explicitFileType = wrapper.cfbundle; includeInIndex = 0; path = "iOSMockingbirdExample-SPMTests.xctest"; sourceTree = BUILT_PRODUCTS_DIR; };
		D388BD6D2447CF0500EBAB2E /* Info.plist */ = {isa = PBXFileReference; lastKnownFileType = text.plist.xml; path = Info.plist; sourceTree = "<group>"; };
/* End PBXFileReference section */

/* Begin PBXFrameworksBuildPhase section */
		D388BD4E2447CF0300EBAB2E /* Frameworks */ = {
			isa = PBXFrameworksBuildPhase;
			buildActionMask = 2147483647;
			files = (
			);
			runOnlyForDeploymentPostprocessing = 0;
		};
		D388BD642447CF0500EBAB2E /* Frameworks */ = {
			isa = PBXFrameworksBuildPhase;
			buildActionMask = 2147483647;
			files = (
				D37F3C9D24E5D4F2008EE2B3 /* Mockingbird in Frameworks */,
			);
			runOnlyForDeploymentPostprocessing = 0;
		};
/* End PBXFrameworksBuildPhase section */

/* Begin PBXGroup section */
		D37503DE24639AD8003017A7 /* Frameworks */ = {
			isa = PBXGroup;
			children = (
			);
			name = Frameworks;
			sourceTree = "<group>";
		};
		D388BD482447CF0300EBAB2E = {
			isa = PBXGroup;
			children = (
				D372A5A12456BF930000E80A /* README.md */,
				D388BD532447CF0300EBAB2E /* iOSMockingbirdExample-SPM */,
				D388BD6A2447CF0500EBAB2E /* iOSMockingbirdExample-SPMTests */,
				D388BD522447CF0300EBAB2E /* Products */,
				E25B6D7C055E7026B3CEACED /* Generated Mocks */,
				D37503DE24639AD8003017A7 /* Frameworks */,
			);
			sourceTree = "<group>";
		};
		D388BD522447CF0300EBAB2E /* Products */ = {
			isa = PBXGroup;
			children = (
				D388BD512447CF0300EBAB2E /* iOSMockingbirdExample-SPM.app */,
				D388BD672447CF0500EBAB2E /* iOSMockingbirdExample-SPMTests.xctest */,
			);
			name = Products;
			sourceTree = "<group>";
		};
		D388BD532447CF0300EBAB2E /* iOSMockingbirdExample-SPM */ = {
			isa = PBXGroup;
			children = (
				D372A5A82456C50C0000E80A /* Bird.swift */,
				D372A5A72456C50C0000E80A /* Tree.swift */,
				D388BD542447CF0300EBAB2E /* AppDelegate.swift */,
				D388BD562447CF0300EBAB2E /* SceneDelegate.swift */,
				D388BD582447CF0300EBAB2E /* ViewController.swift */,
				D388BD5A2447CF0300EBAB2E /* Main.storyboard */,
				D388BD5D2447CF0500EBAB2E /* Assets.xcassets */,
				D388BD5F2447CF0500EBAB2E /* LaunchScreen.storyboard */,
				D388BD622447CF0500EBAB2E /* Info.plist */,
			);
			path = "iOSMockingbirdExample-SPM";
			sourceTree = "<group>";
		};
		D388BD6A2447CF0500EBAB2E /* iOSMockingbirdExample-SPMTests */ = {
			isa = PBXGroup;
			children = (
				D372A5A52456C4F30000E80A /* TreeTests.swift */,
				D388BD6D2447CF0500EBAB2E /* Info.plist */,
			);
			path = "iOSMockingbirdExample-SPMTests";
			sourceTree = "<group>";
		};
		E25B6D7C055E7026B3CEACED /* Generated Mocks */ = {
			isa = PBXGroup;
			children = (
				C555F5D109832B257CBCBC62 /* iOSMockingbirdExample_SPMTests-iOSMockingbirdExample_SPMMocks.generated.swift */,
			);
			name = "Generated Mocks";
			sourceTree = "<group>";
		};
/* End PBXGroup section */

/* Begin PBXNativeTarget section */
		D388BD502447CF0300EBAB2E /* iOSMockingbirdExample-SPM */ = {
			isa = PBXNativeTarget;
			buildConfigurationList = D388BD702447CF0500EBAB2E /* Build configuration list for PBXNativeTarget "iOSMockingbirdExample-SPM" */;
			buildPhases = (
				D388BD4D2447CF0300EBAB2E /* Sources */,
				D388BD4E2447CF0300EBAB2E /* Frameworks */,
				D388BD4F2447CF0300EBAB2E /* Resources */,
			);
			buildRules = (
			);
			dependencies = (
			);
			name = "iOSMockingbirdExample-SPM";
			productName = "iOSMockingbirdExample-SPM";
			productReference = D388BD512447CF0300EBAB2E /* iOSMockingbirdExample-SPM.app */;
			productType = "com.apple.product-type.application";
		};
		D388BD662447CF0500EBAB2E /* iOSMockingbirdExample-SPMTests */ = {
			isa = PBXNativeTarget;
			buildConfigurationList = D388BD732447CF0500EBAB2E /* Build configuration list for PBXNativeTarget "iOSMockingbirdExample-SPMTests" */;
			buildPhases = (
				35E765C621B8D95F8F7FAEC1 /* Clean Mockingbird Mocks */,
				521AA37ABF84787FA6EEFA61 /* Generate Mockingbird Mocks */,
				D388BD632447CF0500EBAB2E /* Sources */,
				D388BD642447CF0500EBAB2E /* Frameworks */,
				D388BD652447CF0500EBAB2E /* Resources */,
			);
			buildRules = (
			);
			dependencies = (
				D388BD692447CF0500EBAB2E /* PBXTargetDependency */,
			);
			name = "iOSMockingbirdExample-SPMTests";
			packageProductDependencies = (
				D37F3C9C24E5D4F2008EE2B3 /* Mockingbird */,
			);
			productName = "iOSMockingbirdExample-SPMTests";
			productReference = D388BD672447CF0500EBAB2E /* iOSMockingbirdExample-SPMTests.xctest */;
			productType = "com.apple.product-type.bundle.unit-test";
		};
/* End PBXNativeTarget section */

/* Begin PBXProject section */
		D388BD492447CF0300EBAB2E /* Project object */ = {
			isa = PBXProject;
			attributes = {
				LastSwiftUpdateCheck = 1130;
				LastUpgradeCheck = 1130;
				ORGANIZATIONNAME = "Bird Rides, Inc.";
				TargetAttributes = {
					D388BD502447CF0300EBAB2E = {
						CreatedOnToolsVersion = 11.3;
					};
					D388BD662447CF0500EBAB2E = {
						CreatedOnToolsVersion = 11.3;
						LastSwiftMigration = 1140;
						TestTargetID = D388BD502447CF0300EBAB2E;
					};
				};
			};
			buildConfigurationList = D388BD4C2447CF0300EBAB2E /* Build configuration list for PBXProject "iOSMockingbirdExample-SPM" */;
			compatibilityVersion = "Xcode 9.3";
			developmentRegion = en;
			hasScannedForEncodings = 0;
			knownRegions = (
				en,
				Base,
			);
			mainGroup = D388BD482447CF0300EBAB2E;
			packageReferences = (
				D37F3C9B24E5D4F2008EE2B3 /* XCRemoteSwiftPackageReference "mockingbird" */,
			);
			productRefGroup = D388BD522447CF0300EBAB2E /* Products */;
			projectDirPath = "";
			projectRoot = "";
			targets = (
				D388BD502447CF0300EBAB2E /* iOSMockingbirdExample-SPM */,
				D388BD662447CF0500EBAB2E /* iOSMockingbirdExample-SPMTests */,
			);
		};
/* End PBXProject section */

/* Begin PBXResourcesBuildPhase section */
		D388BD4F2447CF0300EBAB2E /* Resources */ = {
			isa = PBXResourcesBuildPhase;
			buildActionMask = 2147483647;
			files = (
				D388BD612447CF0500EBAB2E /* LaunchScreen.storyboard in Resources */,
				D388BD5E2447CF0500EBAB2E /* Assets.xcassets in Resources */,
				D388BD5C2447CF0300EBAB2E /* Main.storyboard in Resources */,
			);
			runOnlyForDeploymentPostprocessing = 0;
		};
		D388BD652447CF0500EBAB2E /* Resources */ = {
			isa = PBXResourcesBuildPhase;
			buildActionMask = 2147483647;
			files = (
			);
			runOnlyForDeploymentPostprocessing = 0;
		};
/* End PBXResourcesBuildPhase section */

/* Begin PBXShellScriptBuildPhase section */
		35E765C621B8D95F8F7FAEC1 /* Clean Mockingbird Mocks */ = {
			isa = PBXShellScriptBuildPhase;
			buildActionMask = 2147483647;
			files = (
			);
			inputPaths = (
			);
			name = "Clean Mockingbird Mocks";
			outputPaths = (
				"/tmp/Mockingbird-6EAB9CDD-C217-48F8-A312-628DE001E90E",
			);
			runOnlyForDeploymentPostprocessing = 0;
			shellPath = /bin/sh;
			shellScript = "echo $RANDOM > '/tmp/Mockingbird-6EAB9CDD-C217-48F8-A312-628DE001E90E'\n";
		};
		521AA37ABF84787FA6EEFA61 /* Generate Mockingbird Mocks */ = {
			isa = PBXShellScriptBuildPhase;
			buildActionMask = 2147483647;
			files = (
			);
			inputPaths = (
				"/tmp/Mockingbird-6EAB9CDD-C217-48F8-A312-628DE001E90E",
			);
			name = "Generate Mockingbird Mocks";
			outputPaths = (
				"$(SRCROOT)/MockingbirdMocks/iOSMockingbirdExample_SPMTests-iOSMockingbirdExample_SPMMocks.generated.swift",
			);
			runOnlyForDeploymentPostprocessing = 0;
			shellPath = /bin/sh;
			shellScript = "set -e\n\nmockingbird generate \\\n  --targets 'iOSMockingbirdExample-SPM' \\\n  --outputs \"${SRCROOT}/MockingbirdMocks/iOSMockingbirdExample_SPMTests-iOSMockingbirdExample_SPMMocks.generated.swift\" \\\n  --support \"${SRCROOT}/MockingbirdSupport\"\n\n# Ensure mocks are generated prior to running Compile Sources\nrm -f '/tmp/Mockingbird-6EAB9CDD-C217-48F8-A312-628DE001E90E'\n";
		};
/* End PBXShellScriptBuildPhase section */

/* Begin PBXSourcesBuildPhase section */
		D388BD4D2447CF0300EBAB2E /* Sources */ = {
			isa = PBXSourcesBuildPhase;
			buildActionMask = 2147483647;
			files = (
				D388BD592447CF0300EBAB2E /* ViewController.swift in Sources */,
				D372A5AA2456C50D0000E80A /* Bird.swift in Sources */,
				D372A5A92456C50D0000E80A /* Tree.swift in Sources */,
				D388BD552447CF0300EBAB2E /* AppDelegate.swift in Sources */,
				D388BD572447CF0300EBAB2E /* SceneDelegate.swift in Sources */,
			);
			runOnlyForDeploymentPostprocessing = 0;
		};
		D388BD632447CF0500EBAB2E /* Sources */ = {
			isa = PBXSourcesBuildPhase;
			buildActionMask = 2147483647;
			files = (
				D372A5A62456C4F30000E80A /* TreeTests.swift in Sources */,
				121A46ACF3DD25E768A5F4B8 /* iOSMockingbirdExample_SPMTests-iOSMockingbirdExample_SPMMocks.generated.swift in Sources */,
			);
			runOnlyForDeploymentPostprocessing = 0;
		};
/* End PBXSourcesBuildPhase section */

/* Begin PBXTargetDependency section */
		D388BD692447CF0500EBAB2E /* PBXTargetDependency */ = {
			isa = PBXTargetDependency;
			target = D388BD502447CF0300EBAB2E /* iOSMockingbirdExample-SPM */;
			targetProxy = D388BD682447CF0500EBAB2E /* PBXContainerItemProxy */;
		};
/* End PBXTargetDependency section */

/* Begin PBXVariantGroup section */
		D388BD5A2447CF0300EBAB2E /* Main.storyboard */ = {
			isa = PBXVariantGroup;
			children = (
				D388BD5B2447CF0300EBAB2E /* Base */,
			);
			name = Main.storyboard;
			sourceTree = "<group>";
		};
		D388BD5F2447CF0500EBAB2E /* LaunchScreen.storyboard */ = {
			isa = PBXVariantGroup;
			children = (
				D388BD602447CF0500EBAB2E /* Base */,
			);
			name = LaunchScreen.storyboard;
			sourceTree = "<group>";
		};
/* End PBXVariantGroup section */

/* Begin XCBuildConfiguration section */
		D388BD6E2447CF0500EBAB2E /* Debug */ = {
			isa = XCBuildConfiguration;
			buildSettings = {
				ALWAYS_SEARCH_USER_PATHS = NO;
				CLANG_ANALYZER_NONNULL = YES;
				CLANG_ANALYZER_NUMBER_OBJECT_CONVERSION = YES_AGGRESSIVE;
				CLANG_CXX_LANGUAGE_STANDARD = "gnu++14";
				CLANG_CXX_LIBRARY = "libc++";
				CLANG_ENABLE_MODULES = YES;
				CLANG_ENABLE_OBJC_ARC = YES;
				CLANG_ENABLE_OBJC_WEAK = YES;
				CLANG_WARN_BLOCK_CAPTURE_AUTORELEASING = YES;
				CLANG_WARN_BOOL_CONVERSION = YES;
				CLANG_WARN_COMMA = YES;
				CLANG_WARN_CONSTANT_CONVERSION = YES;
				CLANG_WARN_DEPRECATED_OBJC_IMPLEMENTATIONS = YES;
				CLANG_WARN_DIRECT_OBJC_ISA_USAGE = YES_ERROR;
				CLANG_WARN_DOCUMENTATION_COMMENTS = YES;
				CLANG_WARN_EMPTY_BODY = YES;
				CLANG_WARN_ENUM_CONVERSION = YES;
				CLANG_WARN_INFINITE_RECURSION = YES;
				CLANG_WARN_INT_CONVERSION = YES;
				CLANG_WARN_NON_LITERAL_NULL_CONVERSION = YES;
				CLANG_WARN_OBJC_IMPLICIT_RETAIN_SELF = YES;
				CLANG_WARN_OBJC_LITERAL_CONVERSION = YES;
				CLANG_WARN_OBJC_ROOT_CLASS = YES_ERROR;
				CLANG_WARN_RANGE_LOOP_ANALYSIS = YES;
				CLANG_WARN_STRICT_PROTOTYPES = YES;
				CLANG_WARN_SUSPICIOUS_MOVE = YES;
				CLANG_WARN_UNGUARDED_AVAILABILITY = YES_AGGRESSIVE;
				CLANG_WARN_UNREACHABLE_CODE = YES;
				CLANG_WARN__DUPLICATE_METHOD_MATCH = YES;
				COPY_PHASE_STRIP = NO;
				DEBUG_INFORMATION_FORMAT = dwarf;
				ENABLE_STRICT_OBJC_MSGSEND = YES;
				ENABLE_TESTABILITY = YES;
				GCC_C_LANGUAGE_STANDARD = gnu11;
				GCC_DYNAMIC_NO_PIC = NO;
				GCC_NO_COMMON_BLOCKS = YES;
				GCC_OPTIMIZATION_LEVEL = 0;
				GCC_PREPROCESSOR_DEFINITIONS = (
					"DEBUG=1",
					"$(inherited)",
				);
				GCC_WARN_64_TO_32_BIT_CONVERSION = YES;
				GCC_WARN_ABOUT_RETURN_TYPE = YES_ERROR;
				GCC_WARN_UNDECLARED_SELECTOR = YES;
				GCC_WARN_UNINITIALIZED_AUTOS = YES_AGGRESSIVE;
				GCC_WARN_UNUSED_FUNCTION = YES;
				GCC_WARN_UNUSED_VARIABLE = YES;
				IPHONEOS_DEPLOYMENT_TARGET = 13.2;
				MTL_ENABLE_DEBUG_INFO = INCLUDE_SOURCE;
				MTL_FAST_MATH = YES;
				ONLY_ACTIVE_ARCH = YES;
				SDKROOT = iphoneos;
				SWIFT_ACTIVE_COMPILATION_CONDITIONS = DEBUG;
				SWIFT_OPTIMIZATION_LEVEL = "-Onone";
			};
			name = Debug;
		};
		D388BD6F2447CF0500EBAB2E /* Release */ = {
			isa = XCBuildConfiguration;
			buildSettings = {
				ALWAYS_SEARCH_USER_PATHS = NO;
				CLANG_ANALYZER_NONNULL = YES;
				CLANG_ANALYZER_NUMBER_OBJECT_CONVERSION = YES_AGGRESSIVE;
				CLANG_CXX_LANGUAGE_STANDARD = "gnu++14";
				CLANG_CXX_LIBRARY = "libc++";
				CLANG_ENABLE_MODULES = YES;
				CLANG_ENABLE_OBJC_ARC = YES;
				CLANG_ENABLE_OBJC_WEAK = YES;
				CLANG_WARN_BLOCK_CAPTURE_AUTORELEASING = YES;
				CLANG_WARN_BOOL_CONVERSION = YES;
				CLANG_WARN_COMMA = YES;
				CLANG_WARN_CONSTANT_CONVERSION = YES;
				CLANG_WARN_DEPRECATED_OBJC_IMPLEMENTATIONS = YES;
				CLANG_WARN_DIRECT_OBJC_ISA_USAGE = YES_ERROR;
				CLANG_WARN_DOCUMENTATION_COMMENTS = YES;
				CLANG_WARN_EMPTY_BODY = YES;
				CLANG_WARN_ENUM_CONVERSION = YES;
				CLANG_WARN_INFINITE_RECURSION = YES;
				CLANG_WARN_INT_CONVERSION = YES;
				CLANG_WARN_NON_LITERAL_NULL_CONVERSION = YES;
				CLANG_WARN_OBJC_IMPLICIT_RETAIN_SELF = YES;
				CLANG_WARN_OBJC_LITERAL_CONVERSION = YES;
				CLANG_WARN_OBJC_ROOT_CLASS = YES_ERROR;
				CLANG_WARN_RANGE_LOOP_ANALYSIS = YES;
				CLANG_WARN_STRICT_PROTOTYPES = YES;
				CLANG_WARN_SUSPICIOUS_MOVE = YES;
				CLANG_WARN_UNGUARDED_AVAILABILITY = YES_AGGRESSIVE;
				CLANG_WARN_UNREACHABLE_CODE = YES;
				CLANG_WARN__DUPLICATE_METHOD_MATCH = YES;
				COPY_PHASE_STRIP = NO;
				DEBUG_INFORMATION_FORMAT = "dwarf-with-dsym";
				ENABLE_NS_ASSERTIONS = NO;
				ENABLE_STRICT_OBJC_MSGSEND = YES;
				GCC_C_LANGUAGE_STANDARD = gnu11;
				GCC_NO_COMMON_BLOCKS = YES;
				GCC_WARN_64_TO_32_BIT_CONVERSION = YES;
				GCC_WARN_ABOUT_RETURN_TYPE = YES_ERROR;
				GCC_WARN_UNDECLARED_SELECTOR = YES;
				GCC_WARN_UNINITIALIZED_AUTOS = YES_AGGRESSIVE;
				GCC_WARN_UNUSED_FUNCTION = YES;
				GCC_WARN_UNUSED_VARIABLE = YES;
				IPHONEOS_DEPLOYMENT_TARGET = 13.2;
				MTL_ENABLE_DEBUG_INFO = NO;
				MTL_FAST_MATH = YES;
				SDKROOT = iphoneos;
				SWIFT_COMPILATION_MODE = wholemodule;
				SWIFT_OPTIMIZATION_LEVEL = "-O";
				VALIDATE_PRODUCT = YES;
			};
			name = Release;
		};
		D388BD712447CF0500EBAB2E /* Debug */ = {
			isa = XCBuildConfiguration;
			buildSettings = {
				ASSETCATALOG_COMPILER_APPICON_NAME = AppIcon;
				CODE_SIGN_STYLE = Automatic;
				INFOPLIST_FILE = "iOSMockingbirdExample-SPM/Info.plist";
				LD_RUNPATH_SEARCH_PATHS = (
					"$(inherited)",
					"@executable_path/Frameworks",
				);
				PRODUCT_BUNDLE_IDENTIFIER = "co.bird.iOSMockingbirdExample-SPM";
				PRODUCT_NAME = "$(TARGET_NAME)";
				SWIFT_VERSION = 5.0;
				TARGETED_DEVICE_FAMILY = "1,2";
			};
			name = Debug;
		};
		D388BD722447CF0500EBAB2E /* Release */ = {
			isa = XCBuildConfiguration;
			buildSettings = {
				ASSETCATALOG_COMPILER_APPICON_NAME = AppIcon;
				CODE_SIGN_STYLE = Automatic;
				INFOPLIST_FILE = "iOSMockingbirdExample-SPM/Info.plist";
				LD_RUNPATH_SEARCH_PATHS = (
					"$(inherited)",
					"@executable_path/Frameworks",
				);
				PRODUCT_BUNDLE_IDENTIFIER = "co.bird.iOSMockingbirdExample-SPM";
				PRODUCT_NAME = "$(TARGET_NAME)";
				SWIFT_VERSION = 5.0;
				TARGETED_DEVICE_FAMILY = "1,2";
			};
			name = Release;
		};
		D388BD742447CF0500EBAB2E /* Debug */ = {
			isa = XCBuildConfiguration;
			buildSettings = {
				ALWAYS_EMBED_SWIFT_STANDARD_LIBRARIES = YES;
				BUNDLE_LOADER = "$(TEST_HOST)";
				CLANG_ENABLE_MODULES = YES;
				CODE_SIGN_STYLE = Automatic;
				INFOPLIST_FILE = "iOSMockingbirdExample-SPMTests/Info.plist";
				IPHONEOS_DEPLOYMENT_TARGET = 13.2;
				LD_RUNPATH_SEARCH_PATHS = (
					"$(inherited)",
					"@executable_path/Frameworks",
					"@loader_path/Frameworks",
				);
				PRODUCT_BUNDLE_IDENTIFIER = "co.bird.iOSMockingbirdExample-SPMTests";
				PRODUCT_NAME = "$(TARGET_NAME)";
				SWIFT_OPTIMIZATION_LEVEL = "-Onone";
				SWIFT_VERSION = 5.0;
				TARGETED_DEVICE_FAMILY = "1,2";
				TEST_HOST = "$(BUILT_PRODUCTS_DIR)/iOSMockingbirdExample-SPM.app/iOSMockingbirdExample-SPM";
			};
			name = Debug;
		};
		D388BD752447CF0500EBAB2E /* Release */ = {
			isa = XCBuildConfiguration;
			buildSettings = {
				ALWAYS_EMBED_SWIFT_STANDARD_LIBRARIES = YES;
				BUNDLE_LOADER = "$(TEST_HOST)";
				CLANG_ENABLE_MODULES = YES;
				CODE_SIGN_STYLE = Automatic;
				INFOPLIST_FILE = "iOSMockingbirdExample-SPMTests/Info.plist";
				IPHONEOS_DEPLOYMENT_TARGET = 13.2;
				LD_RUNPATH_SEARCH_PATHS = (
					"$(inherited)",
					"@executable_path/Frameworks",
					"@loader_path/Frameworks",
				);
				PRODUCT_BUNDLE_IDENTIFIER = "co.bird.iOSMockingbirdExample-SPMTests";
				PRODUCT_NAME = "$(TARGET_NAME)";
				SWIFT_VERSION = 5.0;
				TARGETED_DEVICE_FAMILY = "1,2";
				TEST_HOST = "$(BUILT_PRODUCTS_DIR)/iOSMockingbirdExample-SPM.app/iOSMockingbirdExample-SPM";
			};
			name = Release;
		};
/* End XCBuildConfiguration section */

/* Begin XCConfigurationList section */
		D388BD4C2447CF0300EBAB2E /* Build configuration list for PBXProject "iOSMockingbirdExample-SPM" */ = {
			isa = XCConfigurationList;
			buildConfigurations = (
				D388BD6E2447CF0500EBAB2E /* Debug */,
				D388BD6F2447CF0500EBAB2E /* Release */,
			);
			defaultConfigurationIsVisible = 0;
			defaultConfigurationName = Release;
		};
		D388BD702447CF0500EBAB2E /* Build configuration list for PBXNativeTarget "iOSMockingbirdExample-SPM" */ = {
			isa = XCConfigurationList;
			buildConfigurations = (
				D388BD712447CF0500EBAB2E /* Debug */,
				D388BD722447CF0500EBAB2E /* Release */,
			);
			defaultConfigurationIsVisible = 0;
			defaultConfigurationName = Release;
		};
		D388BD732447CF0500EBAB2E /* Build configuration list for PBXNativeTarget "iOSMockingbirdExample-SPMTests" */ = {
			isa = XCConfigurationList;
			buildConfigurations = (
				D388BD742447CF0500EBAB2E /* Debug */,
				D388BD752447CF0500EBAB2E /* Release */,
			);
			defaultConfigurationIsVisible = 0;
			defaultConfigurationName = Release;
		};
/* End XCConfigurationList section */

/* Begin XCRemoteSwiftPackageReference section */
		D37F3C9B24E5D4F2008EE2B3 /* XCRemoteSwiftPackageReference "mockingbird" */ = {
			isa = XCRemoteSwiftPackageReference;
			repositoryURL = "https://github.com/birdrides/mockingbird";
			requirement = {
				kind = upToNextMinorVersion;
				minimumVersion = 0.15.0;
			};
		};
/* End XCRemoteSwiftPackageReference section */

/* Begin XCSwiftPackageProductDependency section */
		D37F3C9C24E5D4F2008EE2B3 /* Mockingbird */ = {
			isa = XCSwiftPackageProductDependency;
			package = D37F3C9B24E5D4F2008EE2B3 /* XCRemoteSwiftPackageReference "mockingbird" */;
			productName = Mockingbird;
		};
/* End XCSwiftPackageProductDependency section */
	};
	rootObject = D388BD492447CF0300EBAB2E /* Project object */;
}
