{
  "object": {
    "pins": [
      {
        "package": "Mockingbird",
        "repositoryURL": "https://github.com/birdrides/mockingbird.git",
        "state": {
          "branch": null,
          "revision": "8106a935251700a473d1cc5f9f7de0d557a20d31",
          "version": "0.14.0"
        }
      }
    ]
  },
  "version": 1
}
