{
  "object": {
    "pins": [
      {
        "package": "Mockingbird",
        "repositoryURL": "https://github.com/birdrides/mockingbird.git",
        "state": {
          "branch": null,
          "revision": "8f4f68bf09c200ec3587ae4bbd2d4d7188601783",
          "version": "0.13.0"
        }
      }
    ]
  },
  "version": 1
}
