{
  "object": {
    "pins": [
      {
        "package": "Mockingbird",
        "repositoryURL": "https://github.com/birdrides/mockingbird.git",
        "state": {
          "branch": null,
          "revision": "e761bd971a4a425720888fa7241367b8e661f743",
          "version": "0.19.1"
        }
      }
    ]
  },
  "version": 1
}
