{"projectHash":"a5dcbb6204e6ba856fa47e8af5cb5eb856b64bf6","productModuleName":"iOSMockingbirdExample_Carthage","sourceFilePaths":[{"path":"\/Users\/redbanhammer\/Repos\/mockingbird\/Examples\/iOSMockingbirdExample-Carthage\/iOSMockingbirdExample-Carthage\/AppDelegate.swift","hash":"4bdb14279a30494c2682d885daaecb5259d1d23e"},{"path":"\/Users\/redbanhammer\/Repos\/mockingbird\/Examples\/iOSMockingbirdExample-Carthage\/iOSMockingbirdExample-Carthage\/Bird.swift","hash":"55171909812f0a404f57c1086e08579723ef6afe"},{"path":"\/Users\/redbanhammer\/Repos\/mockingbird\/Examples\/iOSMockingbirdExample-Carthage\/iOSMockingbirdExample-Carthage\/SceneDelegate.swift","hash":"4f81aed8dce839241cdf59432227820320287f17"},{"path":"\/Users\/redbanhammer\/Repos\/mockingbird\/Examples\/iOSMockingbirdExample-Carthage\/iOSMockingbirdExample-Carthage\/Tree.swift","hash":"6614618b6759b9bd144cb673c195ad2c3f957af1"},{"path":"\/Users\/redbanhammer\/Repos\/mockingbird\/Examples\/iOSMockingbirdExample-Carthage\/iOSMockingbirdExample-Carthage\/ViewController.swift","hash":"ea9b29cf67a263f6f444fae06f71392e6b9f4181"}],"outputHash":"4ad48721db1c710c047a2db033008912087a4129","supportingFilePaths":[{"path":"\/Users\/redbanhammer\/Repos\/mockingbird\/Examples\/iOSMockingbirdExample-Carthage\/MockingbirdSupport\/AppKit\/NSResponder.swift","hash":"21296949c6d570892c8665a450e62c234c938790"},{"path":"\/Users\/redbanhammer\/Repos\/mockingbird\/Examples\/iOSMockingbirdExample-Carthage\/MockingbirdSupport\/AppKit\/NSView.swift","hash":"85b3183be144012a7e105e292426c3d9f8966072"},{"path":"\/Users\/redbanhammer\/Repos\/mockingbird\/Examples\/iOSMockingbirdExample-Carthage\/MockingbirdSupport\/AppKit\/NSViewController.swift","hash":"d8785e8a119f2723c8840534df0ad8ac61409797"},{"path":"\/Users\/redbanhammer\/Repos\/mockingbird\/Examples\/iOSMockingbirdExample-Carthage\/MockingbirdSupport\/Foundation\/ObjectiveC\/NSObject.swift","hash":"cf466772b8c2d80d31f34b93b501b398fbb8854d"},{"path":"\/Users\/redbanhammer\/Repos\/mockingbird\/Examples\/iOSMockingbirdExample-Carthage\/MockingbirdSupport\/Foundation\/ObjectiveC\/NSObject.swift","hash":"cf466772b8c2d80d31f34b93b501b398fbb8854d"},{"path":"\/Users\/redbanhammer\/Repos\/mockingbird\/Examples\/iOSMockingbirdExample-Carthage\/MockingbirdSupport\/Swift\/Codable.swift","hash":"57675d8b36a2db7b093b3542bd3225a88992c3bc"},{"path":"\/Users\/redbanhammer\/Repos\/mockingbird\/Examples\/iOSMockingbirdExample-Carthage\/MockingbirdSupport\/Swift\/Comparable.swift","hash":"d0d110744eeaf2f8fdd2f8a41df3452f35286bb7"},{"path":"\/Users\/redbanhammer\/Repos\/mockingbird\/Examples\/iOSMockingbirdExample-Carthage\/MockingbirdSupport\/Swift\/Equatable.swift","hash":"2e7674f4e23a5ab7aef45b91b63c0ed5934c3b83"},{"path":"\/Users\/redbanhammer\/Repos\/mockingbird\/Examples\/iOSMockingbirdExample-Carthage\/MockingbirdSupport\/Swift\/Hashable.swift","hash":"f59ec249aa03e312f2bda7c3b397c0dccd880a21"},{"path":"\/Users\/redbanhammer\/Repos\/mockingbird\/Examples\/iOSMockingbirdExample-Carthage\/MockingbirdSupport\/Swift\/Misc.swift","hash":"c139249ec5799f1ec64c3d9e7d8c1f286b894035"},{"path":"\/Users\/redbanhammer\/Repos\/mockingbird\/Examples\/iOSMockingbirdExample-Carthage\/MockingbirdSupport\/UIKit\/UIControl.swift","hash":"9363a4c38002598dbbc1198f16fe7198b8151d24"},{"path":"\/Users\/redbanhammer\/Repos\/mockingbird\/Examples\/iOSMockingbirdExample-Carthage\/MockingbirdSupport\/UIKit\/UILabel.swift","hash":"e26a734695bfe008598ed0d8c936683db78f40ac"},{"path":"\/Users\/redbanhammer\/Repos\/mockingbird\/Examples\/iOSMockingbirdExample-Carthage\/MockingbirdSupport\/UIKit\/UIView.swift","hash":"10e6b03a9c5a76f720c17fcb82af82ff66994926"},{"path":"\/Users\/redbanhammer\/Repos\/mockingbird\/Examples\/iOSMockingbirdExample-Carthage\/MockingbirdSupport\/UIKit\/UIViewController.swift","hash":"bbd8980a22029f339b0e8746124fd06d94730570"}],"sourceRoot":"\/Users\/redbanhammer\/Repos\/mockingbird\/Examples\/iOSMockingbirdExample-Carthage","targetPathsHash":"3ebf270575cc52dd8f3b9f69d4932ce3f6af5b4f","dependencyPathsHash":"f3041ac6576d37c2439c75df9e40cbcc8af71141","dependencies":[],"name":"iOSMockingbirdExample-Carthage","cliVersion":"0.12.0"}