<?xml version="1.0" encoding="UTF-8"?>
<Scheme
   LastUpgradeVersion = "1100"
   version = "1.3">
   <BuildAction
      parallelizeBuildables = "YES"
      buildImplicitDependencies = "YES">
      <BuildActionEntries>
         <BuildActionEntry
            buildForTesting = "YES"
            buildForRunning = "YES"
            buildForProfiling = "YES"
            buildForArchiving = "YES"
            buildForAnalyzing = "YES">
            <BuildableReference
               BuildableIdentifier = "primary"
               BlueprintIdentifier = "Mockingbird::MockingbirdCli"
               BuildableName = "MockingbirdCli"
               BlueprintName = "MockingbirdCli"
               ReferencedContainer = "container:Mockingbird.xcodeproj">
            </BuildableReference>
         </BuildActionEntry>
      </BuildActionEntries>
   </BuildAction>
   <TestAction
      buildConfiguration = "Debug"
      selectedDebuggerIdentifier = "Xcode.DebuggerFoundation.Debugger.LLDB"
      selectedLauncherIdentifier = "Xcode.DebuggerFoundation.Launcher.LLDB"
      shouldUseLaunchSchemeArgsEnv = "YES">
      <Testables>
         <TestableReference
            skipped = "NO">
            <BuildableReference
               BuildableIdentifier = "primary"
               BlueprintIdentifier = "Mockingbird::MockingbirdTests"
               BuildableName = "MockingbirdTests.xctest"
               BlueprintName = "MockingbirdTests"
               ReferencedContainer = "container:Mockingbird.xcodeproj">
            </BuildableReference>
         </TestableReference>
      </Testables>
   </TestAction>
   <LaunchAction
      buildConfiguration = "Debug"
      selectedDebuggerIdentifier = "Xcode.DebuggerFoundation.Debugger.LLDB"
      selectedLauncherIdentifier = "Xcode.DebuggerFoundation.Launcher.LLDB"
      launchStyle = "0"
      useCustomWorkingDirectory = "YES"
      customWorkingDirectory = "$(SRCROOT)"
      ignoresPersistentStateOnLaunch = "NO"
      debugDocumentVersioning = "YES"
      debugServiceExtension = "internal"
      allowLocationSimulation = "YES">
      <BuildableProductRunnable
         runnableDebuggingMode = "0">
         <BuildableReference
            BuildableIdentifier = "primary"
            BlueprintIdentifier = "Mockingbird::MockingbirdCli"
            BuildableName = "MockingbirdCli"
            BlueprintName = "MockingbirdCli"
            ReferencedContainer = "container:Mockingbird.xcodeproj">
         </BuildableReference>
      </BuildableProductRunnable>
      <CommandLineArguments>
         <CommandLineArgument
            argument = "install"
            isEnabled = "NO">
         </CommandLineArgument>
         <CommandLineArgument
            argument = "--project ./Mockingbird.xcodeproj"
            isEnabled = "NO">
         </CommandLineArgument>
         <CommandLineArgument
            argument = "--target MockingbirdTests"
            isEnabled = "NO">
         </CommandLineArgument>
         <CommandLineArgument
            argument = "--sources MockingbirdTestsHost"
            isEnabled = "NO">
         </CommandLineArgument>
         <CommandLineArgument
            argument = "--outputs ./Tests/MockingbirdTests/Mocks/MockingbirdTestsHostMocks.generated.swift"
            isEnabled = "NO">
         </CommandLineArgument>
         <CommandLineArgument
            argument = "--ignore-existing"
            isEnabled = "NO">
         </CommandLineArgument>
         <CommandLineArgument
            argument = "uninstall"
            isEnabled = "NO">
         </CommandLineArgument>
         <CommandLineArgument
            argument = "--project ./Mockingbird.xcodeproj"
            isEnabled = "NO">
         </CommandLineArgument>
         <CommandLineArgument
            argument = "--target MockingbirdTestsHost"
            isEnabled = "NO">
         </CommandLineArgument>
         <CommandLineArgument
            argument = "generate"
            isEnabled = "YES">
         </CommandLineArgument>
         <CommandLineArgument
            argument = "--project ./Mockingbird.xcodeproj"
            isEnabled = "YES">
         </CommandLineArgument>
         <CommandLineArgument
            argument = "--target MockingbirdTestsHost"
            isEnabled = "YES">
         </CommandLineArgument>
         <CommandLineArgument
            argument = "--output ./Tests/MockingbirdTests/Mocks/MockingbirdTestsHostMocks.generated.swift"
            isEnabled = "YES">
         </CommandLineArgument>
         <CommandLineArgument
            argument = "--support ./Sources/MockingbirdSupport"
            isEnabled = "YES">
         </CommandLineArgument>
         <CommandLineArgument
            argument = "--verbose"
            isEnabled = "YES">
         </CommandLineArgument>
         <CommandLineArgument
            argument = "--diagnostics all"
            isEnabled = "YES">
         </CommandLineArgument>
         <CommandLineArgument
            argument = "testbed"
            isEnabled = "NO">
         </CommandLineArgument>
         <CommandLineArgument
            argument = "--output ./MockingbirdTestsHost/Generated/"
            isEnabled = "NO">
         </CommandLineArgument>
         <CommandLineArgument
            argument = "--count 5"
            isEnabled = "NO">
         </CommandLineArgument>
         <CommandLineArgument
            argument = "version"
            isEnabled = "NO">
         </CommandLineArgument>
      </CommandLineArguments>
      <EnvironmentVariables>
         <EnvironmentVariable
            key = "TARGET_NAME"
            value = "WhatsAppTests"
            isEnabled = "YES">
         </EnvironmentVariable>
         <EnvironmentVariable
            key = "SRCROOT"
            value = "/Users/typealias/whatsapp-ios"
            isEnabled = "YES">
         </EnvironmentVariable>
         <EnvironmentVariable
            key = "PROJECT_FILE_PATH"
            value = "/Users/typealias/whatsapp-ios/WhatsApp.xcodeproj"
            isEnabled = "YES">
         </EnvironmentVariable>
      </EnvironmentVariables>
   </LaunchAction>
   <ProfileAction
      buildConfiguration = "Profile"
      shouldUseLaunchSchemeArgsEnv = "YES"
      savedToolIdentifier = ""
      useCustomWorkingDirectory = "YES"
      customWorkingDirectory = "$(SRCROOT)"
      debugDocumentVersioning = "YES">
      <BuildableProductRunnable
         runnableDebuggingMode = "0">
         <BuildableReference
            BuildableIdentifier = "primary"
            BlueprintIdentifier = "Mockingbird::MockingbirdCli"
            BuildableName = "MockingbirdCli"
            BlueprintName = "MockingbirdCli"
            ReferencedContainer = "container:Mockingbird.xcodeproj">
         </BuildableReference>
      </BuildableProductRunnable>
   </ProfileAction>
   <AnalyzeAction
      buildConfiguration = "Debug">
   </AnalyzeAction>
   <ArchiveAction
      buildConfiguration = "Release"
      revealArchiveInOrganizer = "YES">
   </ArchiveAction>
</Scheme>
