PODS:
  - MockingbirdFramework (0.20.0)

DEPENDENCIES:
  - MockingbirdFramework (~> 0.20)

SPEC REPOS:
  trunk:
    - MockingbirdFramework

SPEC CHECKSUMS:
  MockingbirdFramework: 54e35fbbb47b806c1a1fae2cf3ef99f6eceb55e5

PODFILE CHECKSUM: 9a7773f4648d4ce8dd9889e63e7807897ee1e806

COCOAPODS: 1.11.2
