PODS:
  - MockingbirdFramework (0.18.1)

DEPENDENCIES:
  - MockingbirdFramework (~> 0.18)

SPEC REPOS:
  trunk:
    - MockingbirdFramework

SPEC CHECKSUMS:
  MockingbirdFramework: f68dfb16f5b8bff2ebb6e8fefe565f8a1d573cc7

PODFILE CHECKSUM: 6552a3271e452b870837d353424187235d979351

COCOAPODS: 1.11.2
