// !$*UTF8*$!
{
	archiveVersion = 1;
	classes = {
	};
	objectVersion = 51;
	objects = {

/* Begin PBXBuildFile section */
		0F5B1FC6B5A3A18F1F36A0A9 /* Pods_iOSMockingbirdExample_CocoaPods.framework in Frameworks */ = {isa = PBXBuildFile; fileRef = 2F972234777F454B22C13353 /* Pods_iOSMockingbirdExample_CocoaPods.framework */; };
		0FAB41FB6325202D5332E857 /* Pods_iOSMockingbirdExample_CocoaPodsTests.framework in Frameworks */ = {isa = PBXBuildFile; fileRef = D1588E47B83AC767F9EC7FB5 /* Pods_iOSMockingbirdExample_CocoaPodsTests.framework */; };
		D313755A24391AA8006A4888 /* AppDelegate.swift in Sources */ = {isa = PBXBuildFile; fileRef = D313755924391AA8006A4888 /* AppDelegate.swift */; };
		D313755C24391AA8006A4888 /* SceneDelegate.swift in Sources */ = {isa = PBXBuildFile; fileRef = D313755B24391AA8006A4888 /* SceneDelegate.swift */; };
		D313755E24391AA8006A4888 /* ViewController.swift in Sources */ = {isa = PBXBuildFile; fileRef = D313755D24391AA8006A4888 /* ViewController.swift */; };
		D313756124391AA8006A4888 /* Main.storyboard in Resources */ = {isa = PBXBuildFile; fileRef = D313755F24391AA8006A4888 /* Main.storyboard */; };
		D313756324391AAA006A4888 /* Assets.xcassets in Resources */ = {isa = PBXBuildFile; fileRef = D313756224391AAA006A4888 /* Assets.xcassets */; };
		D313756624391AAA006A4888 /* LaunchScreen.storyboard in Resources */ = {isa = PBXBuildFile; fileRef = D313756424391AAA006A4888 /* LaunchScreen.storyboard */; };
		D313757D2439220B006A4888 /* Bird.swift in Sources */ = {isa = PBXBuildFile; fileRef = D313757B2439220A006A4888 /* Bird.swift */; };
		D313757E2439220B006A4888 /* Tree.swift in Sources */ = {isa = PBXBuildFile; fileRef = D313757C2439220A006A4888 /* Tree.swift */; };
		D3137580243922B2006A4888 /* TreeTests.swift in Sources */ = {isa = PBXBuildFile; fileRef = D313757F243922B2006A4888 /* TreeTests.swift */; };
		FBDDBB810321C7073182B65E /* iOSMockingbirdExample_CocoaPodsTests-iOSMockingbirdExample_CocoaPodsMocks.generated.swift in Sources */ = {isa = PBXBuildFile; fileRef = 8603F1F08BFB63526E18F7A6 /* iOSMockingbirdExample_CocoaPodsTests-iOSMockingbirdExample_CocoaPodsMocks.generated.swift */; };
/* End PBXBuildFile section */

/* Begin PBXContainerItemProxy section */
		D313756D24391AAA006A4888 /* PBXContainerItemProxy */ = {
			isa = PBXContainerItemProxy;
			containerPortal = D313754E24391AA8006A4888 /* Project object */;
			proxyType = 1;
			remoteGlobalIDString = D313755524391AA8006A4888;
			remoteInfo = "iOSMockingbirdExample-CocoaPods";
		};
/* End PBXContainerItemProxy section */

/* Begin PBXFileReference section */
		2F972234777F454B22C13353 /* Pods_iOSMockingbirdExample_CocoaPods.framework */ = {isa = PBXFileReference; explicitFileType = wrapper.framework; includeInIndex = 0; path = Pods_iOSMockingbirdExample_CocoaPods.framework; sourceTree = BUILT_PRODUCTS_DIR; };
		6A5314745BEC805545075052 /* Pods-iOSMockingbirdExample-CocoaPodsTests.release.xcconfig */ = {isa = PBXFileReference; includeInIndex = 1; lastKnownFileType = text.xcconfig; name = "Pods-iOSMockingbirdExample-CocoaPodsTests.release.xcconfig"; path = "Pods/Target Support Files/Pods-iOSMockingbirdExample-CocoaPodsTests/Pods-iOSMockingbirdExample-CocoaPodsTests.release.xcconfig"; sourceTree = "<group>"; };
		755BDD7A8AFF54865101DFE7 /* Pods-iOSMockingbirdExample-CocoaPods.debug.xcconfig */ = {isa = PBXFileReference; includeInIndex = 1; lastKnownFileType = text.xcconfig; name = "Pods-iOSMockingbirdExample-CocoaPods.debug.xcconfig"; path = "Pods/Target Support Files/Pods-iOSMockingbirdExample-CocoaPods/Pods-iOSMockingbirdExample-CocoaPods.debug.xcconfig"; sourceTree = "<group>"; };
		8603F1F08BFB63526E18F7A6 /* iOSMockingbirdExample_CocoaPodsTests-iOSMockingbirdExample_CocoaPodsMocks.generated.swift */ = {isa = PBXFileReference; explicitFileType = sourcecode.swift; name = "iOSMockingbirdExample_CocoaPodsTests-iOSMockingbirdExample_CocoaPodsMocks.generated.swift"; path = "MockingbirdMocks/iOSMockingbirdExample_CocoaPodsTests-iOSMockingbirdExample_CocoaPodsMocks.generated.swift"; sourceTree = "<group>"; };
		9B831BE5C0CD7F22670B1A96 /* Pods-iOSMockingbirdExample-CocoaPodsTests.debug.xcconfig */ = {isa = PBXFileReference; includeInIndex = 1; lastKnownFileType = text.xcconfig; name = "Pods-iOSMockingbirdExample-CocoaPodsTests.debug.xcconfig"; path = "Pods/Target Support Files/Pods-iOSMockingbirdExample-CocoaPodsTests/Pods-iOSMockingbirdExample-CocoaPodsTests.debug.xcconfig"; sourceTree = "<group>"; };
		C232865C35AF47A1FBE49C4F /* Pods-iOSMockingbirdExample-CocoaPods.release.xcconfig */ = {isa = PBXFileReference; includeInIndex = 1; lastKnownFileType = text.xcconfig; name = "Pods-iOSMockingbirdExample-CocoaPods.release.xcconfig"; path = "Pods/Target Support Files/Pods-iOSMockingbirdExample-CocoaPods/Pods-iOSMockingbirdExample-CocoaPods.release.xcconfig"; sourceTree = "<group>"; };
		D1588E47B83AC767F9EC7FB5 /* Pods_iOSMockingbirdExample_CocoaPodsTests.framework */ = {isa = PBXFileReference; explicitFileType = wrapper.framework; includeInIndex = 0; path = Pods_iOSMockingbirdExample_CocoaPodsTests.framework; sourceTree = BUILT_PRODUCTS_DIR; };
		D313755624391AA8006A4888 /* iOSMockingbirdExample-CocoaPods.app */ = {isa = PBXFileReference; explicitFileType = wrapper.application; includeInIndex = 0; path = "iOSMockingbirdExample-CocoaPods.app"; sourceTree = BUILT_PRODUCTS_DIR; };
		D313755924391AA8006A4888 /* AppDelegate.swift */ = {isa = PBXFileReference; lastKnownFileType = sourcecode.swift; path = AppDelegate.swift; sourceTree = "<group>"; };
		D313755B24391AA8006A4888 /* SceneDelegate.swift */ = {isa = PBXFileReference; lastKnownFileType = sourcecode.swift; path = SceneDelegate.swift; sourceTree = "<group>"; };
		D313755D24391AA8006A4888 /* ViewController.swift */ = {isa = PBXFileReference; lastKnownFileType = sourcecode.swift; path = ViewController.swift; sourceTree = "<group>"; };
		D313756024391AA8006A4888 /* Base */ = {isa = PBXFileReference; lastKnownFileType = file.storyboard; name = Base; path = Base.lproj/Main.storyboard; sourceTree = "<group>"; };
		D313756224391AAA006A4888 /* Assets.xcassets */ = {isa = PBXFileReference; lastKnownFileType = folder.assetcatalog; path = Assets.xcassets; sourceTree = "<group>"; };
		D313756524391AAA006A4888 /* Base */ = {isa = PBXFileReference; lastKnownFileType = file.storyboard; name = Base; path = Base.lproj/LaunchScreen.storyboard; sourceTree = "<group>"; };
		D313756724391AAA006A4888 /* Info.plist */ = {isa = PBXFileReference; lastKnownFileType = text.plist.xml; path = Info.plist; sourceTree = "<group>"; };
		D313756C24391AAA006A4888 /* iOSMockingbirdExample-CocoaPodsTests.xctest */ = {isa = PBXFileReference; explicitFileType = wrapper.cfbundle; includeInIndex = 0; path = "iOSMockingbirdExample-CocoaPodsTests.xctest"; sourceTree = BUILT_PRODUCTS_DIR; };
		D313757224391AAA006A4888 /* Info.plist */ = {isa = PBXFileReference; lastKnownFileType = text.plist.xml; path = Info.plist; sourceTree = "<group>"; };
		D313757B2439220A006A4888 /* Bird.swift */ = {isa = PBXFileReference; fileEncoding = 4; lastKnownFileType = sourcecode.swift; path = Bird.swift; sourceTree = "<group>"; };
		D313757C2439220A006A4888 /* Tree.swift */ = {isa = PBXFileReference; fileEncoding = 4; lastKnownFileType = sourcecode.swift; path = Tree.swift; sourceTree = "<group>"; };
		D313757F243922B2006A4888 /* TreeTests.swift */ = {isa = PBXFileReference; fileEncoding = 4; lastKnownFileType = sourcecode.swift; path = TreeTests.swift; sourceTree = "<group>"; };
		D3FF916E24393099008B48CF /* .mockingbird-ignore */ = {isa = PBXFileReference; lastKnownFileType = text; path = ".mockingbird-ignore"; sourceTree = "<group>"; };
		D3FF916F2439313B008B48CF /* README.md */ = {isa = PBXFileReference; lastKnownFileType = net.daringfireball.markdown; path = README.md; sourceTree = "<group>"; };
/* End PBXFileReference section */

/* Begin PBXFrameworksBuildPhase section */
		D313755324391AA8006A4888 /* Frameworks */ = {
			isa = PBXFrameworksBuildPhase;
			buildActionMask = 2147483647;
			files = (
				0F5B1FC6B5A3A18F1F36A0A9 /* Pods_iOSMockingbirdExample_CocoaPods.framework in Frameworks */,
			);
			runOnlyForDeploymentPostprocessing = 0;
		};
		D313756924391AAA006A4888 /* Frameworks */ = {
			isa = PBXFrameworksBuildPhase;
			buildActionMask = 2147483647;
			files = (
				0FAB41FB6325202D5332E857 /* Pods_iOSMockingbirdExample_CocoaPodsTests.framework in Frameworks */,
			);
			runOnlyForDeploymentPostprocessing = 0;
		};
/* End PBXFrameworksBuildPhase section */

/* Begin PBXGroup section */
		035ABECE7378A4CBDFE18912 /* Generated Mocks */ = {
			isa = PBXGroup;
			children = (
				8603F1F08BFB63526E18F7A6 /* iOSMockingbirdExample_CocoaPodsTests-iOSMockingbirdExample_CocoaPodsMocks.generated.swift */,
			);
			name = "Generated Mocks";
			sourceTree = "<group>";
		};
		80D5D0724F4099632F6B0D15 /* Frameworks */ = {
			isa = PBXGroup;
			children = (
				2F972234777F454B22C13353 /* Pods_iOSMockingbirdExample_CocoaPods.framework */,
				D1588E47B83AC767F9EC7FB5 /* Pods_iOSMockingbirdExample_CocoaPodsTests.framework */,
			);
			name = Frameworks;
			sourceTree = "<group>";
		};
		D313754D24391AA8006A4888 = {
			isa = PBXGroup;
			children = (
				D3FF916F2439313B008B48CF /* README.md */,
				D313755824391AA8006A4888 /* iOSMockingbirdExample-CocoaPods */,
				D313756F24391AAA006A4888 /* iOSMockingbirdExample-CocoaPodsTests */,
				D313755724391AA8006A4888 /* Products */,
				DDBD45239F66D3C1479D2E17 /* Pods */,
				80D5D0724F4099632F6B0D15 /* Frameworks */,
				035ABECE7378A4CBDFE18912 /* Generated Mocks */,
			);
			sourceTree = "<group>";
		};
		D313755724391AA8006A4888 /* Products */ = {
			isa = PBXGroup;
			children = (
				D313755624391AA8006A4888 /* iOSMockingbirdExample-CocoaPods.app */,
				D313756C24391AAA006A4888 /* iOSMockingbirdExample-CocoaPodsTests.xctest */,
			);
			name = Products;
			sourceTree = "<group>";
		};
		D313755824391AA8006A4888 /* iOSMockingbirdExample-CocoaPods */ = {
			isa = PBXGroup;
			children = (
				D3FF916E24393099008B48CF /* .mockingbird-ignore */,
				D313757B2439220A006A4888 /* Bird.swift */,
				D313757C2439220A006A4888 /* Tree.swift */,
				D313755924391AA8006A4888 /* AppDelegate.swift */,
				D313755B24391AA8006A4888 /* SceneDelegate.swift */,
				D313755D24391AA8006A4888 /* ViewController.swift */,
				D313755F24391AA8006A4888 /* Main.storyboard */,
				D313756224391AAA006A4888 /* Assets.xcassets */,
				D313756424391AAA006A4888 /* LaunchScreen.storyboard */,
				D313756724391AAA006A4888 /* Info.plist */,
			);
			path = "iOSMockingbirdExample-CocoaPods";
			sourceTree = "<group>";
		};
		D313756F24391AAA006A4888 /* iOSMockingbirdExample-CocoaPodsTests */ = {
			isa = PBXGroup;
			children = (
				D313757F243922B2006A4888 /* TreeTests.swift */,
				D313757224391AAA006A4888 /* Info.plist */,
			);
			path = "iOSMockingbirdExample-CocoaPodsTests";
			sourceTree = "<group>";
		};
		DDBD45239F66D3C1479D2E17 /* Pods */ = {
			isa = PBXGroup;
			children = (
				755BDD7A8AFF54865101DFE7 /* Pods-iOSMockingbirdExample-CocoaPods.debug.xcconfig */,
				C232865C35AF47A1FBE49C4F /* Pods-iOSMockingbirdExample-CocoaPods.release.xcconfig */,
				9B831BE5C0CD7F22670B1A96 /* Pods-iOSMockingbirdExample-CocoaPodsTests.debug.xcconfig */,
				6A5314745BEC805545075052 /* Pods-iOSMockingbirdExample-CocoaPodsTests.release.xcconfig */,
			);
			name = Pods;
			sourceTree = "<group>";
		};
/* End PBXGroup section */

/* Begin PBXNativeTarget section */
		D313755524391AA8006A4888 /* iOSMockingbirdExample-CocoaPods */ = {
			isa = PBXNativeTarget;
			buildConfigurationList = D313757524391AAA006A4888 /* Build configuration list for PBXNativeTarget "iOSMockingbirdExample-CocoaPods" */;
			buildPhases = (
				9F88CCD349B123147D51381A /* [CP] Check Pods Manifest.lock */,
				D313755224391AA8006A4888 /* Sources */,
				D313755324391AA8006A4888 /* Frameworks */,
				D313755424391AA8006A4888 /* Resources */,
			);
			buildRules = (
			);
			dependencies = (
			);
			name = "iOSMockingbirdExample-CocoaPods";
			productName = "iOSMockingbirdExample-CocoaPods";
			productReference = D313755624391AA8006A4888 /* iOSMockingbirdExample-CocoaPods.app */;
			productType = "com.apple.product-type.application";
		};
		D313756B24391AAA006A4888 /* iOSMockingbirdExample-CocoaPodsTests */ = {
			isa = PBXNativeTarget;
			buildConfigurationList = D313757824391AAA006A4888 /* Build configuration list for PBXNativeTarget "iOSMockingbirdExample-CocoaPodsTests" */;
			buildPhases = (
				CC8CAAFA1EF5950F318FC2A8 /* [CP] Check Pods Manifest.lock */,
				5E064B5C5B34FDB0269A0E4E /* Clean Mockingbird Mocks */,
				4DF8AB2B177D5AEC87105E65 /* Generate Mockingbird Mocks */,
				D313756824391AAA006A4888 /* Sources */,
				D313756924391AAA006A4888 /* Frameworks */,
				D313756A24391AAA006A4888 /* Resources */,
				965E86E495B31E19C1D3A58F /* [CP] Embed Pods Frameworks */,
			);
			buildRules = (
			);
			dependencies = (
				D313756E24391AAA006A4888 /* PBXTargetDependency */,
			);
			name = "iOSMockingbirdExample-CocoaPodsTests";
			productName = "iOSMockingbirdExample-CocoaPodsTests";
			productReference = D313756C24391AAA006A4888 /* iOSMockingbirdExample-CocoaPodsTests.xctest */;
			productType = "com.apple.product-type.bundle.unit-test";
		};
/* End PBXNativeTarget section */

/* Begin PBXProject section */
		D313754E24391AA8006A4888 /* Project object */ = {
			isa = PBXProject;
			attributes = {
				LastSwiftUpdateCheck = 1130;
				LastUpgradeCheck = 1130;
				ORGANIZATIONNAME = "Bird Rides, Inc.";
				TargetAttributes = {
					D313755524391AA8006A4888 = {
						CreatedOnToolsVersion = 11.3;
					};
					D313756B24391AAA006A4888 = {
						CreatedOnToolsVersion = 11.3;
						TestTargetID = D313755524391AA8006A4888;
					};
				};
			};
			buildConfigurationList = D313755124391AA8006A4888 /* Build configuration list for PBXProject "iOSMockingbirdExample-CocoaPods" */;
			compatibilityVersion = "Xcode 9.3";
			developmentRegion = en;
			hasScannedForEncodings = 0;
			knownRegions = (
				en,
				Base,
			);
			mainGroup = D313754D24391AA8006A4888;
			productRefGroup = D313755724391AA8006A4888 /* Products */;
			projectDirPath = "";
			projectRoot = "";
			targets = (
				D313755524391AA8006A4888 /* iOSMockingbirdExample-CocoaPods */,
				D313756B24391AAA006A4888 /* iOSMockingbirdExample-CocoaPodsTests */,
			);
		};
/* End PBXProject section */

/* Begin PBXResourcesBuildPhase section */
		D313755424391AA8006A4888 /* Resources */ = {
			isa = PBXResourcesBuildPhase;
			buildActionMask = 2147483647;
			files = (
				D313756624391AAA006A4888 /* LaunchScreen.storyboard in Resources */,
				D313756324391AAA006A4888 /* Assets.xcassets in Resources */,
				D313756124391AA8006A4888 /* Main.storyboard in Resources */,
			);
			runOnlyForDeploymentPostprocessing = 0;
		};
		D313756A24391AAA006A4888 /* Resources */ = {
			isa = PBXResourcesBuildPhase;
			buildActionMask = 2147483647;
			files = (
			);
			runOnlyForDeploymentPostprocessing = 0;
		};
/* End PBXResourcesBuildPhase section */

/* Begin PBXShellScriptBuildPhase section */
		4DF8AB2B177D5AEC87105E65 /* Generate Mockingbird Mocks */ = {
			isa = PBXShellScriptBuildPhase;
			buildActionMask = 2147483647;
			files = (
			);
			inputPaths = (
				"/tmp/Mockingbird-E0B298C0-F7DC-44E5-BB8A-7233FCCBD475",
			);
			name = "Generate Mockingbird Mocks";
			outputPaths = (
				"$(SRCROOT)/MockingbirdMocks/iOSMockingbirdExample_CocoaPodsTests-iOSMockingbirdExample_CocoaPodsMocks.generated.swift",
			);
			runOnlyForDeploymentPostprocessing = 0;
			shellPath = /bin/sh;
			shellScript = "set -e\n\nmockingbird generate \\\n  --targets 'iOSMockingbirdExample-CocoaPods' \\\n  --outputs \"${SRCROOT}/MockingbirdMocks/iOSMockingbirdExample_CocoaPodsTests-iOSMockingbirdExample_CocoaPodsMocks.generated.swift\" \\\n  --support \"${SRCROOT}/MockingbirdSupport\"\n\n# Ensure mocks are generated prior to running Compile Sources\nrm -f '/tmp/Mockingbird-E0B298C0-F7DC-44E5-BB8A-7233FCCBD475'\n";
		};
		5E064B5C5B34FDB0269A0E4E /* Clean Mockingbird Mocks */ = {
			isa = PBXShellScriptBuildPhase;
			buildActionMask = 2147483647;
			files = (
			);
			inputPaths = (
			);
			name = "Clean Mockingbird Mocks";
			outputPaths = (
				"/tmp/Mockingbird-E0B298C0-F7DC-44E5-BB8A-7233FCCBD475",
			);
			runOnlyForDeploymentPostprocessing = 0;
			shellPath = /bin/sh;
			shellScript = "echo $RANDOM > '/tmp/Mockingbird-E0B298C0-F7DC-44E5-BB8A-7233FCCBD475'\n";
		};
		965E86E495B31E19C1D3A58F /* [CP] Embed Pods Frameworks */ = {
			isa = PBXShellScriptBuildPhase;
			buildActionMask = 2147483647;
			files = (
			);
			inputFileListPaths = (
				"${PODS_ROOT}/Target Support Files/Pods-iOSMockingbirdExample-CocoaPodsTests/Pods-iOSMockingbirdExample-CocoaPodsTests-frameworks-${CONFIGURATION}-input-files.xcfilelist",
			);
			name = "[CP] Embed Pods Frameworks";
			outputFileListPaths = (
				"${PODS_ROOT}/Target Support Files/Pods-iOSMockingbirdExample-CocoaPodsTests/Pods-iOSMockingbirdExample-CocoaPodsTests-frameworks-${CONFIGURATION}-output-files.xcfilelist",
			);
			runOnlyForDeploymentPostprocessing = 0;
			shellPath = /bin/sh;
			shellScript = "\"${PODS_ROOT}/Target Support Files/Pods-iOSMockingbirdExample-CocoaPodsTests/Pods-iOSMockingbirdExample-CocoaPodsTests-frameworks.sh\"\n";
			showEnvVarsInLog = 0;
		};
		9F88CCD349B123147D51381A /* [CP] Check Pods Manifest.lock */ = {
			isa = PBXShellScriptBuildPhase;
			buildActionMask = 2147483647;
			files = (
			);
			inputFileListPaths = (
			);
			inputPaths = (
				"${PODS_PODFILE_DIR_PATH}/Podfile.lock",
				"${PODS_ROOT}/Manifest.lock",
			);
			name = "[CP] Check Pods Manifest.lock";
			outputFileListPaths = (
			);
			outputPaths = (
				"$(DERIVED_FILE_DIR)/Pods-iOSMockingbirdExample-CocoaPods-checkManifestLockResult.txt",
			);
			runOnlyForDeploymentPostprocessing = 0;
			shellPath = /bin/sh;
			shellScript = "diff \"${PODS_PODFILE_DIR_PATH}/Podfile.lock\" \"${PODS_ROOT}/Manifest.lock\" > /dev/null\nif [ $? != 0 ] ; then\n    # print error to STDERR\n    echo \"error: The sandbox is not in sync with the Podfile.lock. Run 'pod install' or update your CocoaPods installation.\" >&2\n    exit 1\nfi\n# This output is used by Xcode 'outputs' to avoid re-running this script phase.\necho \"SUCCESS\" > \"${SCRIPT_OUTPUT_FILE_0}\"\n";
			showEnvVarsInLog = 0;
		};
		CC8CAAFA1EF5950F318FC2A8 /* [CP] Check Pods Manifest.lock */ = {
			isa = PBXShellScriptBuildPhase;
			buildActionMask = 2147483647;
			files = (
			);
			inputFileListPaths = (
			);
			inputPaths = (
				"${PODS_PODFILE_DIR_PATH}/Podfile.lock",
				"${PODS_ROOT}/Manifest.lock",
			);
			name = "[CP] Check Pods Manifest.lock";
			outputFileListPaths = (
			);
			outputPaths = (
				"$(DERIVED_FILE_DIR)/Pods-iOSMockingbirdExample-CocoaPodsTests-checkManifestLockResult.txt",
			);
			runOnlyForDeploymentPostprocessing = 0;
			shellPath = /bin/sh;
			shellScript = "diff \"${PODS_PODFILE_DIR_PATH}/Podfile.lock\" \"${PODS_ROOT}/Manifest.lock\" > /dev/null\nif [ $? != 0 ] ; then\n    # print error to STDERR\n    echo \"error: The sandbox is not in sync with the Podfile.lock. Run 'pod install' or update your CocoaPods installation.\" >&2\n    exit 1\nfi\n# This output is used by Xcode 'outputs' to avoid re-running this script phase.\necho \"SUCCESS\" > \"${SCRIPT_OUTPUT_FILE_0}\"\n";
			showEnvVarsInLog = 0;
		};
/* End PBXShellScriptBuildPhase section */

/* Begin PBXSourcesBuildPhase section */
		D313755224391AA8006A4888 /* Sources */ = {
			isa = PBXSourcesBuildPhase;
			buildActionMask = 2147483647;
			files = (
				D313757E2439220B006A4888 /* Tree.swift in Sources */,
				D313755E24391AA8006A4888 /* ViewController.swift in Sources */,
				D313755A24391AA8006A4888 /* AppDelegate.swift in Sources */,
				D313757D2439220B006A4888 /* Bird.swift in Sources */,
				D313755C24391AA8006A4888 /* SceneDelegate.swift in Sources */,
			);
			runOnlyForDeploymentPostprocessing = 0;
		};
		D313756824391AAA006A4888 /* Sources */ = {
			isa = PBXSourcesBuildPhase;
			buildActionMask = 2147483647;
			files = (
				D3137580243922B2006A4888 /* TreeTests.swift in Sources */,
				FBDDBB810321C7073182B65E /* iOSMockingbirdExample_CocoaPodsTests-iOSMockingbirdExample_CocoaPodsMocks.generated.swift in Sources */,
			);
			runOnlyForDeploymentPostprocessing = 0;
		};
/* End PBXSourcesBuildPhase section */

/* Begin PBXTargetDependency section */
		D313756E24391AAA006A4888 /* PBXTargetDependency */ = {
			isa = PBXTargetDependency;
			target = D313755524391AA8006A4888 /* iOSMockingbirdExample-CocoaPods */;
			targetProxy = D313756D24391AAA006A4888 /* PBXContainerItemProxy */;
		};
/* End PBXTargetDependency section */

/* Begin PBXVariantGroup section */
		D313755F24391AA8006A4888 /* Main.storyboard */ = {
			isa = PBXVariantGroup;
			children = (
				D313756024391AA8006A4888 /* Base */,
			);
			name = Main.storyboard;
			sourceTree = "<group>";
		};
		D313756424391AAA006A4888 /* LaunchScreen.storyboard */ = {
			isa = PBXVariantGroup;
			children = (
				D313756524391AAA006A4888 /* Base */,
			);
			name = LaunchScreen.storyboard;
			sourceTree = "<group>";
		};
/* End PBXVariantGroup section */

/* Begin XCBuildConfiguration section */
		D313757324391AAA006A4888 /* Debug */ = {
			isa = XCBuildConfiguration;
			buildSettings = {
				ALWAYS_SEARCH_USER_PATHS = NO;
				CLANG_ANALYZER_NONNULL = YES;
				CLANG_ANALYZER_NUMBER_OBJECT_CONVERSION = YES_AGGRESSIVE;
				CLANG_CXX_LANGUAGE_STANDARD = "gnu++14";
				CLANG_CXX_LIBRARY = "libc++";
				CLANG_ENABLE_MODULES = YES;
				CLANG_ENABLE_OBJC_ARC = YES;
				CLANG_ENABLE_OBJC_WEAK = YES;
				CLANG_WARN_BLOCK_CAPTURE_AUTORELEASING = YES;
				CLANG_WARN_BOOL_CONVERSION = YES;
				CLANG_WARN_COMMA = YES;
				CLANG_WARN_CONSTANT_CONVERSION = YES;
				CLANG_WARN_DEPRECATED_OBJC_IMPLEMENTATIONS = YES;
				CLANG_WARN_DIRECT_OBJC_ISA_USAGE = YES_ERROR;
				CLANG_WARN_DOCUMENTATION_COMMENTS = YES;
				CLANG_WARN_EMPTY_BODY = YES;
				CLANG_WARN_ENUM_CONVERSION = YES;
				CLANG_WARN_INFINITE_RECURSION = YES;
				CLANG_WARN_INT_CONVERSION = YES;
				CLANG_WARN_NON_LITERAL_NULL_CONVERSION = YES;
				CLANG_WARN_OBJC_IMPLICIT_RETAIN_SELF = YES;
				CLANG_WARN_OBJC_LITERAL_CONVERSION = YES;
				CLANG_WARN_OBJC_ROOT_CLASS = YES_ERROR;
				CLANG_WARN_RANGE_LOOP_ANALYSIS = YES;
				CLANG_WARN_STRICT_PROTOTYPES = YES;
				CLANG_WARN_SUSPICIOUS_MOVE = YES;
				CLANG_WARN_UNGUARDED_AVAILABILITY = YES_AGGRESSIVE;
				CLANG_WARN_UNREACHABLE_CODE = YES;
				CLANG_WARN__DUPLICATE_METHOD_MATCH = YES;
				COPY_PHASE_STRIP = NO;
				DEBUG_INFORMATION_FORMAT = dwarf;
				ENABLE_STRICT_OBJC_MSGSEND = YES;
				ENABLE_TESTABILITY = YES;
				GCC_C_LANGUAGE_STANDARD = gnu11;
				GCC_DYNAMIC_NO_PIC = NO;
				GCC_NO_COMMON_BLOCKS = YES;
				GCC_OPTIMIZATION_LEVEL = 0;
				GCC_PREPROCESSOR_DEFINITIONS = (
					"DEBUG=1",
					"$(inherited)",
				);
				GCC_WARN_64_TO_32_BIT_CONVERSION = YES;
				GCC_WARN_ABOUT_RETURN_TYPE = YES_ERROR;
				GCC_WARN_UNDECLARED_SELECTOR = YES;
				GCC_WARN_UNINITIALIZED_AUTOS = YES_AGGRESSIVE;
				GCC_WARN_UNUSED_FUNCTION = YES;
				GCC_WARN_UNUSED_VARIABLE = YES;
				IPHONEOS_DEPLOYMENT_TARGET = 13.2;
				MTL_ENABLE_DEBUG_INFO = INCLUDE_SOURCE;
				MTL_FAST_MATH = YES;
				ONLY_ACTIVE_ARCH = YES;
				SDKROOT = iphoneos;
				SWIFT_ACTIVE_COMPILATION_CONDITIONS = DEBUG;
				SWIFT_OPTIMIZATION_LEVEL = "-Onone";
			};
			name = Debug;
		};
		D313757424391AAA006A4888 /* Release */ = {
			isa = XCBuildConfiguration;
			buildSettings = {
				ALWAYS_SEARCH_USER_PATHS = NO;
				CLANG_ANALYZER_NONNULL = YES;
				CLANG_ANALYZER_NUMBER_OBJECT_CONVERSION = YES_AGGRESSIVE;
				CLANG_CXX_LANGUAGE_STANDARD = "gnu++14";
				CLANG_CXX_LIBRARY = "libc++";
				CLANG_ENABLE_MODULES = YES;
				CLANG_ENABLE_OBJC_ARC = YES;
				CLANG_ENABLE_OBJC_WEAK = YES;
				CLANG_WARN_BLOCK_CAPTURE_AUTORELEASING = YES;
				CLANG_WARN_BOOL_CONVERSION = YES;
				CLANG_WARN_COMMA = YES;
				CLANG_WARN_CONSTANT_CONVERSION = YES;
				CLANG_WARN_DEPRECATED_OBJC_IMPLEMENTATIONS = YES;
				CLANG_WARN_DIRECT_OBJC_ISA_USAGE = YES_ERROR;
				CLANG_WARN_DOCUMENTATION_COMMENTS = YES;
				CLANG_WARN_EMPTY_BODY = YES;
				CLANG_WARN_ENUM_CONVERSION = YES;
				CLANG_WARN_INFINITE_RECURSION = YES;
				CLANG_WARN_INT_CONVERSION = YES;
				CLANG_WARN_NON_LITERAL_NULL_CONVERSION = YES;
				CLANG_WARN_OBJC_IMPLICIT_RETAIN_SELF = YES;
				CLANG_WARN_OBJC_LITERAL_CONVERSION = YES;
				CLANG_WARN_OBJC_ROOT_CLASS = YES_ERROR;
				CLANG_WARN_RANGE_LOOP_ANALYSIS = YES;
				CLANG_WARN_STRICT_PROTOTYPES = YES;
				CLANG_WARN_SUSPICIOUS_MOVE = YES;
				CLANG_WARN_UNGUARDED_AVAILABILITY = YES_AGGRESSIVE;
				CLANG_WARN_UNREACHABLE_CODE = YES;
				CLANG_WARN__DUPLICATE_METHOD_MATCH = YES;
				COPY_PHASE_STRIP = NO;
				DEBUG_INFORMATION_FORMAT = "dwarf-with-dsym";
				ENABLE_NS_ASSERTIONS = NO;
				ENABLE_STRICT_OBJC_MSGSEND = YES;
				GCC_C_LANGUAGE_STANDARD = gnu11;
				GCC_NO_COMMON_BLOCKS = YES;
				GCC_WARN_64_TO_32_BIT_CONVERSION = YES;
				GCC_WARN_ABOUT_RETURN_TYPE = YES_ERROR;
				GCC_WARN_UNDECLARED_SELECTOR = YES;
				GCC_WARN_UNINITIALIZED_AUTOS = YES_AGGRESSIVE;
				GCC_WARN_UNUSED_FUNCTION = YES;
				GCC_WARN_UNUSED_VARIABLE = YES;
				IPHONEOS_DEPLOYMENT_TARGET = 13.2;
				MTL_ENABLE_DEBUG_INFO = NO;
				MTL_FAST_MATH = YES;
				SDKROOT = iphoneos;
				SWIFT_COMPILATION_MODE = wholemodule;
				SWIFT_OPTIMIZATION_LEVEL = "-O";
				VALIDATE_PRODUCT = YES;
			};
			name = Release;
		};
		D313757624391AAA006A4888 /* Debug */ = {
			isa = XCBuildConfiguration;
			baseConfigurationReference = 755BDD7A8AFF54865101DFE7 /* Pods-iOSMockingbirdExample-CocoaPods.debug.xcconfig */;
			buildSettings = {
				ASSETCATALOG_COMPILER_APPICON_NAME = AppIcon;
				CODE_SIGN_STYLE = Automatic;
				INFOPLIST_FILE = "iOSMockingbirdExample-CocoaPods/Info.plist";
				LD_RUNPATH_SEARCH_PATHS = (
					"$(inherited)",
					"@executable_path/Frameworks",
				);
				PRODUCT_BUNDLE_IDENTIFIER = "co.bird.iOSMockingbirdExample-CocoaPods";
				PRODUCT_NAME = "$(TARGET_NAME)";
				SWIFT_VERSION = 5.0;
				TARGETED_DEVICE_FAMILY = "1,2";
			};
			name = Debug;
		};
		D313757724391AAA006A4888 /* Release */ = {
			isa = XCBuildConfiguration;
			baseConfigurationReference = C232865C35AF47A1FBE49C4F /* Pods-iOSMockingbirdExample-CocoaPods.release.xcconfig */;
			buildSettings = {
				ASSETCATALOG_COMPILER_APPICON_NAME = AppIcon;
				CODE_SIGN_STYLE = Automatic;
				INFOPLIST_FILE = "iOSMockingbirdExample-CocoaPods/Info.plist";
				LD_RUNPATH_SEARCH_PATHS = (
					"$(inherited)",
					"@executable_path/Frameworks",
				);
				PRODUCT_BUNDLE_IDENTIFIER = "co.bird.iOSMockingbirdExample-CocoaPods";
				PRODUCT_NAME = "$(TARGET_NAME)";
				SWIFT_VERSION = 5.0;
				TARGETED_DEVICE_FAMILY = "1,2";
			};
			name = Release;
		};
		D313757924391AAA006A4888 /* Debug */ = {
			isa = XCBuildConfiguration;
			baseConfigurationReference = 9B831BE5C0CD7F22670B1A96 /* Pods-iOSMockingbirdExample-CocoaPodsTests.debug.xcconfig */;
			buildSettings = {
				BUNDLE_LOADER = "$(TEST_HOST)";
				CODE_SIGN_STYLE = Automatic;
				INFOPLIST_FILE = "iOSMockingbirdExample-CocoaPodsTests/Info.plist";
				IPHONEOS_DEPLOYMENT_TARGET = 13.2;
				LD_RUNPATH_SEARCH_PATHS = (
					"$(inherited)",
					"@executable_path/Frameworks",
					"@loader_path/Frameworks",
				);
				PRODUCT_BUNDLE_IDENTIFIER = "co.bird.iOSMockingbirdExample-CocoaPodsTests";
				PRODUCT_NAME = "$(TARGET_NAME)";
				SWIFT_VERSION = 5.0;
				TARGETED_DEVICE_FAMILY = "1,2";
				TEST_HOST = "$(BUILT_PRODUCTS_DIR)/iOSMockingbirdExample-CocoaPods.app/iOSMockingbirdExample-CocoaPods";
			};
			name = Debug;
		};
		D313757A24391AAA006A4888 /* Release */ = {
			isa = XCBuildConfiguration;
			baseConfigurationReference = 6A5314745BEC805545075052 /* Pods-iOSMockingbirdExample-CocoaPodsTests.release.xcconfig */;
			buildSettings = {
				BUNDLE_LOADER = "$(TEST_HOST)";
				CODE_SIGN_STYLE = Automatic;
				INFOPLIST_FILE = "iOSMockingbirdExample-CocoaPodsTests/Info.plist";
				IPHONEOS_DEPLOYMENT_TARGET = 13.2;
				LD_RUNPATH_SEARCH_PATHS = (
					"$(inherited)",
					"@executable_path/Frameworks",
					"@loader_path/Frameworks",
				);
				PRODUCT_BUNDLE_IDENTIFIER = "co.bird.iOSMockingbirdExample-CocoaPodsTests";
				PRODUCT_NAME = "$(TARGET_NAME)";
				SWIFT_VERSION = 5.0;
				TARGETED_DEVICE_FAMILY = "1,2";
				TEST_HOST = "$(BUILT_PRODUCTS_DIR)/iOSMockingbirdExample-CocoaPods.app/iOSMockingbirdExample-CocoaPods";
			};
			name = Release;
		};
/* End XCBuildConfiguration section */

/* Begin XCConfigurationList section */
		D313755124391AA8006A4888 /* Build configuration list for PBXProject "iOSMockingbirdExample-CocoaPods" */ = {
			isa = XCConfigurationList;
			buildConfigurations = (
				D313757324391AAA006A4888 /* Debug */,
				D313757424391AAA006A4888 /* Release */,
			);
			defaultConfigurationIsVisible = 0;
			defaultConfigurationName = Release;
		};
		D313757524391AAA006A4888 /* Build configuration list for PBXNativeTarget "iOSMockingbirdExample-CocoaPods" */ = {
			isa = XCConfigurationList;
			buildConfigurations = (
				D313757624391AAA006A4888 /* Debug */,
				D313757724391AAA006A4888 /* Release */,
			);
			defaultConfigurationIsVisible = 0;
			defaultConfigurationName = Release;
		};
		D313757824391AAA006A4888 /* Build configuration list for PBXNativeTarget "iOSMockingbirdExample-CocoaPodsTests" */ = {
			isa = XCConfigurationList;
			buildConfigurations = (
				D313757924391AAA006A4888 /* Debug */,
				D313757A24391AAA006A4888 /* Release */,
			);
			defaultConfigurationIsVisible = 0;
			defaultConfigurationName = Release;
		};
/* End XCConfigurationList section */
	};
	rootObject = D313754E24391AA8006A4888 /* Project object */;
}
