{"projectHash":"98139fbf4259cdb679fc7e20c3f49970cc1591b2","productModuleName":"iOSMockingbirdExample_CocoaPods","sourceFilePaths":[{"path":"\/Users\/redbanhammer\/Repos\/mockingbird\/Examples\/iOSMockingbirdExample-CocoaPods\/iOSMockingbirdExample-CocoaPods\/AppDelegate.swift","hash":"e6895e1ed1d966ae24c3cbbc37946f272c85c9a7"},{"path":"\/Users\/redbanhammer\/Repos\/mockingbird\/Examples\/iOSMockingbirdExample-CocoaPods\/iOSMockingbirdExample-CocoaPods\/Bird.swift","hash":"55171909812f0a404f57c1086e08579723ef6afe"},{"path":"\/Users\/redbanhammer\/Repos\/mockingbird\/Examples\/iOSMockingbirdExample-CocoaPods\/iOSMockingbirdExample-CocoaPods\/SceneDelegate.swift","hash":"9c4ac3d60438016d0b81499d86124c8f54d97df5"},{"path":"\/Users\/redbanhammer\/Repos\/mockingbird\/Examples\/iOSMockingbirdExample-CocoaPods\/iOSMockingbirdExample-CocoaPods\/Tree.swift","hash":"6614618b6759b9bd144cb673c195ad2c3f957af1"},{"path":"\/Users\/redbanhammer\/Repos\/mockingbird\/Examples\/iOSMockingbirdExample-CocoaPods\/iOSMockingbirdExample-CocoaPods\/ViewController.swift","hash":"466c337bfe233b509b93ff0faef753ad8283392b"}],"outputHash":"3bfa0399efec4d2953a0587f2e94b1d4397d823e","supportingFilePaths":[{"path":"\/Users\/redbanhammer\/Repos\/mockingbird\/Examples\/iOSMockingbirdExample-CocoaPods\/MockingbirdSupport\/AppKit\/NSResponder.swift","hash":"21296949c6d570892c8665a450e62c234c938790"},{"path":"\/Users\/redbanhammer\/Repos\/mockingbird\/Examples\/iOSMockingbirdExample-CocoaPods\/MockingbirdSupport\/AppKit\/NSView.swift","hash":"85b3183be144012a7e105e292426c3d9f8966072"},{"path":"\/Users\/redbanhammer\/Repos\/mockingbird\/Examples\/iOSMockingbirdExample-CocoaPods\/MockingbirdSupport\/AppKit\/NSViewController.swift","hash":"d8785e8a119f2723c8840534df0ad8ac61409797"},{"path":"\/Users\/redbanhammer\/Repos\/mockingbird\/Examples\/iOSMockingbirdExample-CocoaPods\/MockingbirdSupport\/Foundation\/ObjectiveC\/NSObject.swift","hash":"cf466772b8c2d80d31f34b93b501b398fbb8854d"},{"path":"\/Users\/redbanhammer\/Repos\/mockingbird\/Examples\/iOSMockingbirdExample-CocoaPods\/MockingbirdSupport\/Foundation\/ObjectiveC\/NSObject.swift","hash":"cf466772b8c2d80d31f34b93b501b398fbb8854d"},{"path":"\/Users\/redbanhammer\/Repos\/mockingbird\/Examples\/iOSMockingbirdExample-CocoaPods\/MockingbirdSupport\/Swift\/Codable.swift","hash":"57675d8b36a2db7b093b3542bd3225a88992c3bc"},{"path":"\/Users\/redbanhammer\/Repos\/mockingbird\/Examples\/iOSMockingbirdExample-CocoaPods\/MockingbirdSupport\/Swift\/Comparable.swift","hash":"d0d110744eeaf2f8fdd2f8a41df3452f35286bb7"},{"path":"\/Users\/redbanhammer\/Repos\/mockingbird\/Examples\/iOSMockingbirdExample-CocoaPods\/MockingbirdSupport\/Swift\/Equatable.swift","hash":"2e7674f4e23a5ab7aef45b91b63c0ed5934c3b83"},{"path":"\/Users\/redbanhammer\/Repos\/mockingbird\/Examples\/iOSMockingbirdExample-CocoaPods\/MockingbirdSupport\/Swift\/Hashable.swift","hash":"f59ec249aa03e312f2bda7c3b397c0dccd880a21"},{"path":"\/Users\/redbanhammer\/Repos\/mockingbird\/Examples\/iOSMockingbirdExample-CocoaPods\/MockingbirdSupport\/Swift\/Misc.swift","hash":"c139249ec5799f1ec64c3d9e7d8c1f286b894035"},{"path":"\/Users\/redbanhammer\/Repos\/mockingbird\/Examples\/iOSMockingbirdExample-CocoaPods\/MockingbirdSupport\/UIKit\/UIControl.swift","hash":"9363a4c38002598dbbc1198f16fe7198b8151d24"},{"path":"\/Users\/redbanhammer\/Repos\/mockingbird\/Examples\/iOSMockingbirdExample-CocoaPods\/MockingbirdSupport\/UIKit\/UILabel.swift","hash":"e26a734695bfe008598ed0d8c936683db78f40ac"},{"path":"\/Users\/redbanhammer\/Repos\/mockingbird\/Examples\/iOSMockingbirdExample-CocoaPods\/MockingbirdSupport\/UIKit\/UIView.swift","hash":"10e6b03a9c5a76f720c17fcb82af82ff66994926"},{"path":"\/Users\/redbanhammer\/Repos\/mockingbird\/Examples\/iOSMockingbirdExample-CocoaPods\/MockingbirdSupport\/UIKit\/UIViewController.swift","hash":"bbd8980a22029f339b0e8746124fd06d94730570"}],"sourceRoot":"\/Users\/redbanhammer\/Repos\/mockingbird\/Examples\/iOSMockingbirdExample-CocoaPods","targetPathsHash":"6711ff1c632a147ba1919be25097159df9ddb98a","dependencyPathsHash":"b1944a89aa86ea593a81893287cfa6be527fbfbd","dependencies":[],"name":"iOSMockingbirdExample-CocoaPods","cliVersion":"0.10.0"}