PODS:
  - MockingbirdFramework (0.10.0)

DEPENDENCIES:
  - MockingbirdFramework (~> 0.10.0)

SPEC REPOS:
  https://github.com/cocoapods/specs.git:
    - MockingbirdFramework

SPEC CHECKSUMS:
  MockingbirdFramework: 618cd2d6dbd5264b77498ad24e3f4d6cb2da86b9

PODFILE CHECKSUM: d31d0142f3cc6755924f0927f9cb4a5392d7f4f9

COCOAPODS: 1.5.3
