PODS:
  - MockingbirdFramework (0.11.1)

DEPENDENCIES:
  - MockingbirdFramework (~> 0.11.1)

SPEC REPOS:
  trunk:
    - MockingbirdFramework

SPEC CHECKSUMS:
  MockingbirdFramework: 2e8c38ee9496706e16f9c59e5d68851bb3083787

PODFILE CHECKSUM: eb1553935dda4449c2a94623e975eefa50dc49a8

COCOAPODS: 1.9.1
