PODS:
  - MockingbirdFramework (0.11.0)

DEPENDENCIES:
  - MockingbirdFramework (~> 0.11.0)

SPEC REPOS:
  trunk:
    - MockingbirdFramework

SPEC CHECKSUMS:
  MockingbirdFramework: 6028fb83ec400cad6c2ae18cb977bf83d13deef1

PODFILE CHECKSUM: 3c994de53b80c5189413fec2092df060e8f24eb2

COCOAPODS: 1.8.4
