// !$*UTF8*$!
{
	archiveVersion = 1;
	classes = {
	};
	objectVersion = 55;
	objects = {

/* Begin PBXBuildFile section */
		0BD8FDBE67453E1CF48F7318 /* SPMProjectExampleTests-SPMProjectExampleMocks.generated.swift in Sources */ = {isa = PBXBuildFile; fileRef = 5F02931C308F7FB7AD6FED6F /* SPMProjectExampleTests-SPMProjectExampleMocks.generated.swift */; };
		2803D9322777F9AE00651C60 /* SPMProjectExampleApp.swift in Sources */ = {isa = PBXBuildFile; fileRef = 2803D9312777F9AE00651C60 /* SPMProjectExampleApp.swift */; };
		2803D9342777F9AE00651C60 /* ContentView.swift in Sources */ = {isa = PBXBuildFile; fileRef = 2803D9332777F9AE00651C60 /* ContentView.swift */; };
		2803D9362777F9B100651C60 /* Assets.xcassets in Resources */ = {isa = PBXBuildFile; fileRef = 2803D9352777F9B100651C60 /* Assets.xcassets */; };
		2803D9392777F9B100651C60 /* Preview Assets.xcassets in Resources */ = {isa = PBXBuildFile; fileRef = 2803D9382777F9B100651C60 /* Preview Assets.xcassets */; };
		2803D95E2777FAB600651C60 /* PersonTests.swift in Sources */ = {isa = PBXBuildFile; fileRef = 2803D95D2777FAB600651C60 /* PersonTests.swift */; };
		2803D9622777FAD400651C60 /* Bird.swift in Sources */ = {isa = PBXBuildFile; fileRef = 2803D95F2777FAD400651C60 /* Bird.swift */; };
		2803D9632777FAD400651C60 /* Fruit.swift in Sources */ = {isa = PBXBuildFile; fileRef = 2803D9602777FAD400651C60 /* Fruit.swift */; };
		2803D9642777FAD400651C60 /* Person.swift in Sources */ = {isa = PBXBuildFile; fileRef = 2803D9612777FAD400651C60 /* Person.swift */; };
		2803D9672777FBDE00651C60 /* Mockingbird in Frameworks */ = {isa = PBXBuildFile; productRef = 2803D9662777FBDE00651C60 /* Mockingbird */; };
/* End PBXBuildFile section */

/* Begin PBXContainerItemProxy section */
		2803D93F2777F9B100651C60 /* PBXContainerItemProxy */ = {
			isa = PBXContainerItemProxy;
			containerPortal = 2803D9262777F9AE00651C60 /* Project object */;
			proxyType = 1;
			remoteGlobalIDString = 2803D92D2777F9AE00651C60;
			remoteInfo = SPMProjectExample;
		};
/* End PBXContainerItemProxy section */

/* Begin PBXFileReference section */
		2803D92E2777F9AE00651C60 /* SPMProjectExample.app */ = {isa = PBXFileReference; explicitFileType = wrapper.application; includeInIndex = 0; path = SPMProjectExample.app; sourceTree = BUILT_PRODUCTS_DIR; };
		2803D9312777F9AE00651C60 /* SPMProjectExampleApp.swift */ = {isa = PBXFileReference; lastKnownFileType = sourcecode.swift; path = SPMProjectExampleApp.swift; sourceTree = "<group>"; };
		2803D9332777F9AE00651C60 /* ContentView.swift */ = {isa = PBXFileReference; lastKnownFileType = sourcecode.swift; path = ContentView.swift; sourceTree = "<group>"; };
		2803D9352777F9B100651C60 /* Assets.xcassets */ = {isa = PBXFileReference; lastKnownFileType = folder.assetcatalog; path = Assets.xcassets; sourceTree = "<group>"; };
		2803D9382777F9B100651C60 /* Preview Assets.xcassets */ = {isa = PBXFileReference; lastKnownFileType = folder.assetcatalog; path = "Preview Assets.xcassets"; sourceTree = "<group>"; };
		2803D93E2777F9B100651C60 /* SPMProjectExampleTests.xctest */ = {isa = PBXFileReference; explicitFileType = wrapper.cfbundle; includeInIndex = 0; path = SPMProjectExampleTests.xctest; sourceTree = BUILT_PRODUCTS_DIR; };
		2803D95C2777FA2000651C60 /* README.md */ = {isa = PBXFileReference; lastKnownFileType = net.daringfireball.markdown; path = README.md; sourceTree = "<group>"; };
		2803D95D2777FAB600651C60 /* PersonTests.swift */ = {isa = PBXFileReference; fileEncoding = 4; lastKnownFileType = sourcecode.swift; path = PersonTests.swift; sourceTree = "<group>"; };
		2803D95F2777FAD400651C60 /* Bird.swift */ = {isa = PBXFileReference; fileEncoding = 4; lastKnownFileType = sourcecode.swift; path = Bird.swift; sourceTree = "<group>"; };
		2803D9602777FAD400651C60 /* Fruit.swift */ = {isa = PBXFileReference; fileEncoding = 4; lastKnownFileType = sourcecode.swift; path = Fruit.swift; sourceTree = "<group>"; };
		2803D9612777FAD400651C60 /* Person.swift */ = {isa = PBXFileReference; fileEncoding = 4; lastKnownFileType = sourcecode.swift; path = Person.swift; sourceTree = "<group>"; };
		5F02931C308F7FB7AD6FED6F /* SPMProjectExampleTests-SPMProjectExampleMocks.generated.swift */ = {isa = PBXFileReference; explicitFileType = sourcecode.swift; name = "SPMProjectExampleTests-SPMProjectExampleMocks.generated.swift"; path = "MockingbirdMocks/SPMProjectExampleTests-SPMProjectExampleMocks.generated.swift"; sourceTree = "<group>"; };
/* End PBXFileReference section */

/* Begin PBXFrameworksBuildPhase section */
		2803D92B2777F9AE00651C60 /* Frameworks */ = {
			isa = PBXFrameworksBuildPhase;
			buildActionMask = 2147483647;
			files = (
			);
			runOnlyForDeploymentPostprocessing = 0;
		};
		2803D93B2777F9B100651C60 /* Frameworks */ = {
			isa = PBXFrameworksBuildPhase;
			buildActionMask = 2147483647;
			files = (
				2803D9672777FBDE00651C60 /* Mockingbird in Frameworks */,
			);
			runOnlyForDeploymentPostprocessing = 0;
		};
/* End PBXFrameworksBuildPhase section */

/* Begin PBXGroup section */
		26416AED1E2ACC4BD972D443 /* Generated Mocks */ = {
			isa = PBXGroup;
			children = (
				5F02931C308F7FB7AD6FED6F /* SPMProjectExampleTests-SPMProjectExampleMocks.generated.swift */,
			);
			name = "Generated Mocks";
			sourceTree = "<group>";
		};
		2803D9252777F9AE00651C60 = {
			isa = PBXGroup;
			children = (
				2803D95C2777FA2000651C60 /* README.md */,
				2803D9302777F9AE00651C60 /* SPMProjectExample */,
				2803D9412777F9B100651C60 /* SPMProjectExampleTests */,
				2803D92F2777F9AE00651C60 /* Products */,
				26416AED1E2ACC4BD972D443 /* Generated Mocks */,
			);
			sourceTree = "<group>";
		};
		2803D92F2777F9AE00651C60 /* Products */ = {
			isa = PBXGroup;
			children = (
				2803D92E2777F9AE00651C60 /* SPMProjectExample.app */,
				2803D93E2777F9B100651C60 /* SPMProjectExampleTests.xctest */,
			);
			name = Products;
			sourceTree = "<group>";
		};
		2803D9302777F9AE00651C60 /* SPMProjectExample */ = {
			isa = PBXGroup;
			children = (
				2803D95F2777FAD400651C60 /* Bird.swift */,
				2803D9602777FAD400651C60 /* Fruit.swift */,
				2803D9612777FAD400651C60 /* Person.swift */,
				2803D95B2777F9E600651C60 /* App */,
			);
			path = SPMProjectExample;
			sourceTree = "<group>";
		};
		2803D9372777F9B100651C60 /* Preview Content */ = {
			isa = PBXGroup;
			children = (
				2803D9382777F9B100651C60 /* Preview Assets.xcassets */,
			);
			path = "Preview Content";
			sourceTree = "<group>";
		};
		2803D9412777F9B100651C60 /* SPMProjectExampleTests */ = {
			isa = PBXGroup;
			children = (
				2803D95D2777FAB600651C60 /* PersonTests.swift */,
			);
			path = SPMProjectExampleTests;
			sourceTree = "<group>";
		};
		2803D95B2777F9E600651C60 /* App */ = {
			isa = PBXGroup;
			children = (
				2803D9312777F9AE00651C60 /* SPMProjectExampleApp.swift */,
				2803D9332777F9AE00651C60 /* ContentView.swift */,
				2803D9352777F9B100651C60 /* Assets.xcassets */,
				2803D9372777F9B100651C60 /* Preview Content */,
			);
			path = App;
			sourceTree = "<group>";
		};
/* End PBXGroup section */

/* Begin PBXNativeTarget section */
		2803D92D2777F9AE00651C60 /* SPMProjectExample */ = {
			isa = PBXNativeTarget;
			buildConfigurationList = 2803D9522777F9B100651C60 /* Build configuration list for PBXNativeTarget "SPMProjectExample" */;
			buildPhases = (
				2803D92A2777F9AE00651C60 /* Sources */,
				2803D92B2777F9AE00651C60 /* Frameworks */,
				2803D92C2777F9AE00651C60 /* Resources */,
			);
			buildRules = (
			);
			dependencies = (
			);
			name = SPMProjectExample;
			productName = SPMProjectExample;
			productReference = 2803D92E2777F9AE00651C60 /* SPMProjectExample.app */;
			productType = "com.apple.product-type.application";
		};
		2803D93D2777F9B100651C60 /* SPMProjectExampleTests */ = {
			isa = PBXNativeTarget;
			buildConfigurationList = 2803D9552777F9B100651C60 /* Build configuration list for PBXNativeTarget "SPMProjectExampleTests" */;
			buildPhases = (
				5F55787F89703DC6F43BCFCA /* Generate Mockingbird Mocks */,
				2803D93A2777F9B100651C60 /* Sources */,
				2803D93B2777F9B100651C60 /* Frameworks */,
				2803D93C2777F9B100651C60 /* Resources */,
			);
			buildRules = (
			);
			dependencies = (
				2803D9402777F9B100651C60 /* PBXTargetDependency */,
			);
			name = SPMProjectExampleTests;
			packageProductDependencies = (
				2803D9662777FBDE00651C60 /* Mockingbird */,
			);
			productName = SPMProjectExampleTests;
			productReference = 2803D93E2777F9B100651C60 /* SPMProjectExampleTests.xctest */;
			productType = "com.apple.product-type.bundle.unit-test";
		};
/* End PBXNativeTarget section */

/* Begin PBXProject section */
		2803D9262777F9AE00651C60 /* Project object */ = {
			isa = PBXProject;
			attributes = {
				BuildIndependentTargetsInParallel = 1;
				LastSwiftUpdateCheck = 1320;
				LastUpgradeCheck = 1320;
				TargetAttributes = {
					2803D92D2777F9AE00651C60 = {
						CreatedOnToolsVersion = 13.2;
					};
					2803D93D2777F9B100651C60 = {
						CreatedOnToolsVersion = 13.2;
						LastSwiftMigration = 1320;
						TestTargetID = 2803D92D2777F9AE00651C60;
					};
				};
			};
			buildConfigurationList = 2803D9292777F9AE00651C60 /* Build configuration list for PBXProject "SPMProjectExample" */;
			compatibilityVersion = "Xcode 13.0";
			developmentRegion = en;
			hasScannedForEncodings = 0;
			knownRegions = (
				en,
				Base,
			);
			mainGroup = 2803D9252777F9AE00651C60;
			packageReferences = (
				2803D9652777FBDE00651C60 /* XCRemoteSwiftPackageReference "mockingbird" */,
			);
			productRefGroup = 2803D92F2777F9AE00651C60 /* Products */;
			projectDirPath = "";
			projectRoot = "";
			targets = (
				2803D92D2777F9AE00651C60 /* SPMProjectExample */,
				2803D93D2777F9B100651C60 /* SPMProjectExampleTests */,
			);
		};
/* End PBXProject section */

/* Begin PBXResourcesBuildPhase section */
		2803D92C2777F9AE00651C60 /* Resources */ = {
			isa = PBXResourcesBuildPhase;
			buildActionMask = 2147483647;
			files = (
				2803D9392777F9B100651C60 /* Preview Assets.xcassets in Resources */,
				2803D9362777F9B100651C60 /* Assets.xcassets in Resources */,
			);
			runOnlyForDeploymentPostprocessing = 0;
		};
		2803D93C2777F9B100651C60 /* Resources */ = {
			isa = PBXResourcesBuildPhase;
			buildActionMask = 2147483647;
			files = (
			);
			runOnlyForDeploymentPostprocessing = 0;
		};
/* End PBXResourcesBuildPhase section */

/* Begin PBXShellScriptBuildPhase section */
		5F55787F89703DC6F43BCFCA /* Generate Mockingbird Mocks */ = {
			isa = PBXShellScriptBuildPhase;
			alwaysOutOfDate = 1;
			buildActionMask = 2147483647;
			files = (
			);
			inputPaths = (
			);
			name = "Generate Mockingbird Mocks";
			outputPaths = (
				"$(SRCROOT)/MockingbirdMocks/SPMProjectExampleTests-SPMProjectExampleMocks.generated.swift",
			);
			runOnlyForDeploymentPostprocessing = 0;
			shellPath = /bin/sh;
			shellScript = "set -eu\n\n# Prevent Xcode 13 from running this script while indexing.\n[[ \"${ACTION}\" == \"indexbuild\" ]] && exit 0\n\n# Infer the derived data location from the build environment.\n[[ -z \"${DERIVED_DATA+x}\" ]] && DERIVED_DATA=\"$(echo \"${BUILD_ROOT}\" | sed -n 's|\\(.*\\)/Build/.*|\\1|p')\"\n\n\"${DERIVED_DATA}/SourcePackages/checkouts/mockingbird/mockingbird\" generate --targets \"SPMProjectExample\" --outputs \"${SRCROOT}/MockingbirdMocks/SPMProjectExampleTests-SPMProjectExampleMocks.generated.swift\"\n";
		};
/* End PBXShellScriptBuildPhase section */

/* Begin PBXSourcesBuildPhase section */
		2803D92A2777F9AE00651C60 /* Sources */ = {
			isa = PBXSourcesBuildPhase;
			buildActionMask = 2147483647;
			files = (
				2803D9642777FAD400651C60 /* Person.swift in Sources */,
				2803D9632777FAD400651C60 /* Fruit.swift in Sources */,
				2803D9342777F9AE00651C60 /* ContentView.swift in Sources */,
				2803D9622777FAD400651C60 /* Bird.swift in Sources */,
				2803D9322777F9AE00651C60 /* SPMProjectExampleApp.swift in Sources */,
			);
			runOnlyForDeploymentPostprocessing = 0;
		};
		2803D93A2777F9B100651C60 /* Sources */ = {
			isa = PBXSourcesBuildPhase;
			buildActionMask = 2147483647;
			files = (
				2803D95E2777FAB600651C60 /* PersonTests.swift in Sources */,
				0BD8FDBE67453E1CF48F7318 /* SPMProjectExampleTests-SPMProjectExampleMocks.generated.swift in Sources */,
			);
			runOnlyForDeploymentPostprocessing = 0;
		};
/* End PBXSourcesBuildPhase section */

/* Begin PBXTargetDependency section */
		2803D9402777F9B100651C60 /* PBXTargetDependency */ = {
			isa = PBXTargetDependency;
			target = 2803D92D2777F9AE00651C60 /* SPMProjectExample */;
			targetProxy = 2803D93F2777F9B100651C60 /* PBXContainerItemProxy */;
		};
/* End PBXTargetDependency section */

/* Begin XCBuildConfiguration section */
		2803D9502777F9B100651C60 /* Debug */ = {
			isa = XCBuildConfiguration;
			buildSettings = {
				ALWAYS_SEARCH_USER_PATHS = NO;
				CLANG_ANALYZER_NONNULL = YES;
				CLANG_ANALYZER_NUMBER_OBJECT_CONVERSION = YES_AGGRESSIVE;
				CLANG_CXX_LANGUAGE_STANDARD = "gnu++17";
				CLANG_CXX_LIBRARY = "libc++";
				CLANG_ENABLE_MODULES = YES;
				CLANG_ENABLE_OBJC_ARC = YES;
				CLANG_ENABLE_OBJC_WEAK = YES;
				CLANG_WARN_BLOCK_CAPTURE_AUTORELEASING = YES;
				CLANG_WARN_BOOL_CONVERSION = YES;
				CLANG_WARN_COMMA = YES;
				CLANG_WARN_CONSTANT_CONVERSION = YES;
				CLANG_WARN_DEPRECATED_OBJC_IMPLEMENTATIONS = YES;
				CLANG_WARN_DIRECT_OBJC_ISA_USAGE = YES_ERROR;
				CLANG_WARN_DOCUMENTATION_COMMENTS = YES;
				CLANG_WARN_EMPTY_BODY = YES;
				CLANG_WARN_ENUM_CONVERSION = YES;
				CLANG_WARN_INFINITE_RECURSION = YES;
				CLANG_WARN_INT_CONVERSION = YES;
				CLANG_WARN_NON_LITERAL_NULL_CONVERSION = YES;
				CLANG_WARN_OBJC_IMPLICIT_RETAIN_SELF = YES;
				CLANG_WARN_OBJC_LITERAL_CONVERSION = YES;
				CLANG_WARN_OBJC_ROOT_CLASS = YES_ERROR;
				CLANG_WARN_QUOTED_INCLUDE_IN_FRAMEWORK_HEADER = YES;
				CLANG_WARN_RANGE_LOOP_ANALYSIS = YES;
				CLANG_WARN_STRICT_PROTOTYPES = YES;
				CLANG_WARN_SUSPICIOUS_MOVE = YES;
				CLANG_WARN_UNGUARDED_AVAILABILITY = YES_AGGRESSIVE;
				CLANG_WARN_UNREACHABLE_CODE = YES;
				CLANG_WARN__DUPLICATE_METHOD_MATCH = YES;
				COPY_PHASE_STRIP = NO;
				DEBUG_INFORMATION_FORMAT = dwarf;
				ENABLE_STRICT_OBJC_MSGSEND = YES;
				ENABLE_TESTABILITY = YES;
				GCC_C_LANGUAGE_STANDARD = gnu11;
				GCC_DYNAMIC_NO_PIC = NO;
				GCC_NO_COMMON_BLOCKS = YES;
				GCC_OPTIMIZATION_LEVEL = 0;
				GCC_PREPROCESSOR_DEFINITIONS = (
					"DEBUG=1",
					"$(inherited)",
				);
				GCC_WARN_64_TO_32_BIT_CONVERSION = YES;
				GCC_WARN_ABOUT_RETURN_TYPE = YES_ERROR;
				GCC_WARN_UNDECLARED_SELECTOR = YES;
				GCC_WARN_UNINITIALIZED_AUTOS = YES_AGGRESSIVE;
				GCC_WARN_UNUSED_FUNCTION = YES;
				GCC_WARN_UNUSED_VARIABLE = YES;
				IPHONEOS_DEPLOYMENT_TARGET = 15.2;
				MTL_ENABLE_DEBUG_INFO = INCLUDE_SOURCE;
				MTL_FAST_MATH = YES;
				ONLY_ACTIVE_ARCH = YES;
				SDKROOT = iphoneos;
				SWIFT_ACTIVE_COMPILATION_CONDITIONS = DEBUG;
				SWIFT_OPTIMIZATION_LEVEL = "-Onone";
			};
			name = Debug;
		};
		2803D9512777F9B100651C60 /* Release */ = {
			isa = XCBuildConfiguration;
			buildSettings = {
				ALWAYS_SEARCH_USER_PATHS = NO;
				CLANG_ANALYZER_NONNULL = YES;
				CLANG_ANALYZER_NUMBER_OBJECT_CONVERSION = YES_AGGRESSIVE;
				CLANG_CXX_LANGUAGE_STANDARD = "gnu++17";
				CLANG_CXX_LIBRARY = "libc++";
				CLANG_ENABLE_MODULES = YES;
				CLANG_ENABLE_OBJC_ARC = YES;
				CLANG_ENABLE_OBJC_WEAK = YES;
				CLANG_WARN_BLOCK_CAPTURE_AUTORELEASING = YES;
				CLANG_WARN_BOOL_CONVERSION = YES;
				CLANG_WARN_COMMA = YES;
				CLANG_WARN_CONSTANT_CONVERSION = YES;
				CLANG_WARN_DEPRECATED_OBJC_IMPLEMENTATIONS = YES;
				CLANG_WARN_DIRECT_OBJC_ISA_USAGE = YES_ERROR;
				CLANG_WARN_DOCUMENTATION_COMMENTS = YES;
				CLANG_WARN_EMPTY_BODY = YES;
				CLANG_WARN_ENUM_CONVERSION = YES;
				CLANG_WARN_INFINITE_RECURSION = YES;
				CLANG_WARN_INT_CONVERSION = YES;
				CLANG_WARN_NON_LITERAL_NULL_CONVERSION = YES;
				CLANG_WARN_OBJC_IMPLICIT_RETAIN_SELF = YES;
				CLANG_WARN_OBJC_LITERAL_CONVERSION = YES;
				CLANG_WARN_OBJC_ROOT_CLASS = YES_ERROR;
				CLANG_WARN_QUOTED_INCLUDE_IN_FRAMEWORK_HEADER = YES;
				CLANG_WARN_RANGE_LOOP_ANALYSIS = YES;
				CLANG_WARN_STRICT_PROTOTYPES = YES;
				CLANG_WARN_SUSPICIOUS_MOVE = YES;
				CLANG_WARN_UNGUARDED_AVAILABILITY = YES_AGGRESSIVE;
				CLANG_WARN_UNREACHABLE_CODE = YES;
				CLANG_WARN__DUPLICATE_METHOD_MATCH = YES;
				COPY_PHASE_STRIP = NO;
				DEBUG_INFORMATION_FORMAT = "dwarf-with-dsym";
				ENABLE_NS_ASSERTIONS = NO;
				ENABLE_STRICT_OBJC_MSGSEND = YES;
				GCC_C_LANGUAGE_STANDARD = gnu11;
				GCC_NO_COMMON_BLOCKS = YES;
				GCC_WARN_64_TO_32_BIT_CONVERSION = YES;
				GCC_WARN_ABOUT_RETURN_TYPE = YES_ERROR;
				GCC_WARN_UNDECLARED_SELECTOR = YES;
				GCC_WARN_UNINITIALIZED_AUTOS = YES_AGGRESSIVE;
				GCC_WARN_UNUSED_FUNCTION = YES;
				GCC_WARN_UNUSED_VARIABLE = YES;
				IPHONEOS_DEPLOYMENT_TARGET = 15.2;
				MTL_ENABLE_DEBUG_INFO = NO;
				MTL_FAST_MATH = YES;
				SDKROOT = iphoneos;
				SWIFT_COMPILATION_MODE = wholemodule;
				SWIFT_OPTIMIZATION_LEVEL = "-O";
				VALIDATE_PRODUCT = YES;
			};
			name = Release;
		};
		2803D9532777F9B100651C60 /* Debug */ = {
			isa = XCBuildConfiguration;
			buildSettings = {
				ASSETCATALOG_COMPILER_APPICON_NAME = AppIcon;
				ASSETCATALOG_COMPILER_GLOBAL_ACCENT_COLOR_NAME = AccentColor;
				CODE_SIGN_STYLE = Automatic;
				CURRENT_PROJECT_VERSION = 1;
				DEVELOPMENT_ASSET_PATHS = "\"SPMProjectExample/App/Preview Content\"";
				DEVELOPMENT_TEAM = GUX3UUSZ6W;
				ENABLE_PREVIEWS = YES;
				GENERATE_INFOPLIST_FILE = YES;
				INFOPLIST_KEY_UIApplicationSceneManifest_Generation = YES;
				INFOPLIST_KEY_UIApplicationSupportsIndirectInputEvents = YES;
				INFOPLIST_KEY_UILaunchScreen_Generation = YES;
				INFOPLIST_KEY_UISupportedInterfaceOrientations_iPad = "UIInterfaceOrientationPortrait UIInterfaceOrientationPortraitUpsideDown UIInterfaceOrientationLandscapeLeft UIInterfaceOrientationLandscapeRight";
				INFOPLIST_KEY_UISupportedInterfaceOrientations_iPhone = "UIInterfaceOrientationPortrait UIInterfaceOrientationLandscapeLeft UIInterfaceOrientationLandscapeRight";
				IPHONEOS_DEPLOYMENT_TARGET = 15.0;
				LD_RUNPATH_SEARCH_PATHS = (
					"$(inherited)",
					"@executable_path/Frameworks",
				);
				MARKETING_VERSION = 1.0;
				PRODUCT_BUNDLE_IDENTIFIER = co.bird.SPMProjectExample;
				PRODUCT_NAME = "$(TARGET_NAME)";
				SWIFT_EMIT_LOC_STRINGS = YES;
				SWIFT_VERSION = 5.0;
				TARGETED_DEVICE_FAMILY = "1,2";
			};
			name = Debug;
		};
		2803D9542777F9B100651C60 /* Release */ = {
			isa = XCBuildConfiguration;
			buildSettings = {
				ASSETCATALOG_COMPILER_APPICON_NAME = AppIcon;
				ASSETCATALOG_COMPILER_GLOBAL_ACCENT_COLOR_NAME = AccentColor;
				CODE_SIGN_STYLE = Automatic;
				CURRENT_PROJECT_VERSION = 1;
				DEVELOPMENT_ASSET_PATHS = "\"SPMProjectExample/App/Preview Content\"";
				DEVELOPMENT_TEAM = GUX3UUSZ6W;
				ENABLE_PREVIEWS = YES;
				GENERATE_INFOPLIST_FILE = YES;
				INFOPLIST_KEY_UIApplicationSceneManifest_Generation = YES;
				INFOPLIST_KEY_UIApplicationSupportsIndirectInputEvents = YES;
				INFOPLIST_KEY_UILaunchScreen_Generation = YES;
				INFOPLIST_KEY_UISupportedInterfaceOrientations_iPad = "UIInterfaceOrientationPortrait UIInterfaceOrientationPortraitUpsideDown UIInterfaceOrientationLandscapeLeft UIInterfaceOrientationLandscapeRight";
				INFOPLIST_KEY_UISupportedInterfaceOrientations_iPhone = "UIInterfaceOrientationPortrait UIInterfaceOrientationLandscapeLeft UIInterfaceOrientationLandscapeRight";
				IPHONEOS_DEPLOYMENT_TARGET = 15.0;
				LD_RUNPATH_SEARCH_PATHS = (
					"$(inherited)",
					"@executable_path/Frameworks",
				);
				MARKETING_VERSION = 1.0;
				PRODUCT_BUNDLE_IDENTIFIER = co.bird.SPMProjectExample;
				PRODUCT_NAME = "$(TARGET_NAME)";
				SWIFT_EMIT_LOC_STRINGS = YES;
				SWIFT_VERSION = 5.0;
				TARGETED_DEVICE_FAMILY = "1,2";
			};
			name = Release;
		};
		2803D9562777F9B100651C60 /* Debug */ = {
			isa = XCBuildConfiguration;
			buildSettings = {
				ALWAYS_EMBED_SWIFT_STANDARD_LIBRARIES = YES;
				BUNDLE_LOADER = "$(TEST_HOST)";
				CLANG_ENABLE_MODULES = YES;
				CODE_SIGN_STYLE = Automatic;
				CURRENT_PROJECT_VERSION = 1;
				DEVELOPMENT_TEAM = GUX3UUSZ6W;
				GENERATE_INFOPLIST_FILE = YES;
				IPHONEOS_DEPLOYMENT_TARGET = 15.0;
				LD_RUNPATH_SEARCH_PATHS = (
					"$(inherited)",
					"@executable_path/Frameworks",
					"@loader_path/Frameworks",
				);
				MARKETING_VERSION = 1.0;
				PRODUCT_BUNDLE_IDENTIFIER = co.bird.SPMProjectExampleTests;
				PRODUCT_NAME = "$(TARGET_NAME)";
				SWIFT_EMIT_LOC_STRINGS = NO;
				SWIFT_OPTIMIZATION_LEVEL = "-Onone";
				SWIFT_VERSION = 5.0;
				TARGETED_DEVICE_FAMILY = "1,2";
				TEST_HOST = "$(BUILT_PRODUCTS_DIR)/SPMProjectExample.app/SPMProjectExample";
			};
			name = Debug;
		};
		2803D9572777F9B100651C60 /* Release */ = {
			isa = XCBuildConfiguration;
			buildSettings = {
				ALWAYS_EMBED_SWIFT_STANDARD_LIBRARIES = YES;
				BUNDLE_LOADER = "$(TEST_HOST)";
				CLANG_ENABLE_MODULES = YES;
				CODE_SIGN_STYLE = Automatic;
				CURRENT_PROJECT_VERSION = 1;
				DEVELOPMENT_TEAM = GUX3UUSZ6W;
				GENERATE_INFOPLIST_FILE = YES;
				IPHONEOS_DEPLOYMENT_TARGET = 15.0;
				LD_RUNPATH_SEARCH_PATHS = (
					"$(inherited)",
					"@executable_path/Frameworks",
					"@loader_path/Frameworks",
				);
				MARKETING_VERSION = 1.0;
				PRODUCT_BUNDLE_IDENTIFIER = co.bird.SPMProjectExampleTests;
				PRODUCT_NAME = "$(TARGET_NAME)";
				SWIFT_EMIT_LOC_STRINGS = NO;
				SWIFT_VERSION = 5.0;
				TARGETED_DEVICE_FAMILY = "1,2";
				TEST_HOST = "$(BUILT_PRODUCTS_DIR)/SPMProjectExample.app/SPMProjectExample";
			};
			name = Release;
		};
/* End XCBuildConfiguration section */

/* Begin XCConfigurationList section */
		2803D9292777F9AE00651C60 /* Build configuration list for PBXProject "SPMProjectExample" */ = {
			isa = XCConfigurationList;
			buildConfigurations = (
				2803D9502777F9B100651C60 /* Debug */,
				2803D9512777F9B100651C60 /* Release */,
			);
			defaultConfigurationIsVisible = 0;
			defaultConfigurationName = Release;
		};
		2803D9522777F9B100651C60 /* Build configuration list for PBXNativeTarget "SPMProjectExample" */ = {
			isa = XCConfigurationList;
			buildConfigurations = (
				2803D9532777F9B100651C60 /* Debug */,
				2803D9542777F9B100651C60 /* Release */,
			);
			defaultConfigurationIsVisible = 0;
			defaultConfigurationName = Release;
		};
		2803D9552777F9B100651C60 /* Build configuration list for PBXNativeTarget "SPMProjectExampleTests" */ = {
			isa = XCConfigurationList;
			buildConfigurations = (
				2803D9562777F9B100651C60 /* Debug */,
				2803D9572777F9B100651C60 /* Release */,
			);
			defaultConfigurationIsVisible = 0;
			defaultConfigurationName = Release;
		};
/* End XCConfigurationList section */

/* Begin XCRemoteSwiftPackageReference section */
		2803D9652777FBDE00651C60 /* XCRemoteSwiftPackageReference "mockingbird" */ = {
			isa = XCRemoteSwiftPackageReference;
			repositoryURL = "https://github.com/birdrides/mockingbird";
			requirement = {
				kind = upToNextMinorVersion;
				minimumVersion = 0.19.0;
			};
		};
/* End XCRemoteSwiftPackageReference section */

/* Begin XCSwiftPackageProductDependency section */
		2803D9662777FBDE00651C60 /* Mockingbird */ = {
			isa = XCSwiftPackageProductDependency;
			package = 2803D9652777FBDE00651C60 /* XCRemoteSwiftPackageReference "mockingbird" */;
			productName = Mockingbird;
		};
/* End XCSwiftPackageProductDependency section */
	};
	rootObject = 2803D9262777F9AE00651C60 /* Project object */;
}
